// !$*UTF8*$!
{
	archiveVersion = 1;
	classes = {
	};
	objectVersion = 55;
	objects = {

/* Begin PBXBuildFile section */
		0537B8E1286CBBDF002B7ACD /* LaylaKurz.mp3 in Resources */ = {isa = PBXBuildFile; fileRef = 0537B8DF286CBBDF002B7ACD /* LaylaKurz.mp3 */; };
		0537B8EB286CBCCD002B7ACD /* Layla.png in Resources */ = {isa = PBXBuildFile; fileRef = 0537B8E9286CBCCD002B7ACD /* Layla.png */; };
		054FB34328B0E64A00404202 /* DownloadController.swift in Sources */ = {isa = PBXBuildFile; fileRef = 054FB34228B0E64A00404202 /* DownloadController.swift */; };
		054FB34528B0E7FD00404202 /* GoogleService-Info.plist in Resources */ = {isa = PBXBuildFile; fileRef = 054FB34428B0E7FD00404202 /* GoogleService-Info.plist */; };
		054FB34828B0EEAF00404202 /* RNCryptor in Frameworks */ = {isa = PBXBuildFile; productRef = 054FB34728B0EEAF00404202 /* RNCryptor */; };
		054FB34A28B0EED700404202 /* RNCryptor in Frameworks */ = {isa = PBXBuildFile; productRef = 054FB34928B0EED700404202 /* RNCryptor */; };
		054FB34C28B0EF1000404202 /* RNCryptor in Frameworks */ = {isa = PBXBuildFile; productRef = 054FB34B28B0EF1000404202 /* RNCryptor */; };
		054FB34E28B0EF1900404202 /* RNCryptor in Frameworks */ = {isa = PBXBuildFile; productRef = 054FB34D28B0EF1900404202 /* RNCryptor */; };
		054FB35928B10A1B00404202 /* Utilities.swift in Sources */ = {isa = PBXBuildFile; fileRef = 054FB35828B10A1B00404202 /* Utilities.swift */; };
		054FB35B28B13DD500404202 /* Alamofire in Frameworks */ = {isa = PBXBuildFile; productRef = 054FB35A28B13DD500404202 /* Alamofire */; };
		054FB35D28B13DDB00404202 /* Alamofire in Frameworks */ = {isa = PBXBuildFile; productRef = 054FB35C28B13DDB00404202 /* Alamofire */; };
		054FB35F28B13DE000404202 /* Alamofire in Frameworks */ = {isa = PBXBuildFile; productRef = 054FB35E28B13DE000404202 /* Alamofire */; };
		054FB36228B150AA00404202 /* User.swift in Sources */ = {isa = PBXBuildFile; fileRef = 054FB36128B150AA00404202 /* User.swift */; };
		054FB36328B1525300404202 /* User.swift in Sources */ = {isa = PBXBuildFile; fileRef = 054FB36128B150AA00404202 /* User.swift */; };
		054FB36528B1529700404202 /* Encryption.swift in Sources */ = {isa = PBXBuildFile; fileRef = 054FB36428B1529700404202 /* Encryption.swift */; };
		054FB36628B1529D00404202 /* Encryption.swift in Sources */ = {isa = PBXBuildFile; fileRef = 054FB36428B1529700404202 /* Encryption.swift */; };
		054FB36828B16C8F00404202 /* Alamofire in Frameworks */ = {isa = PBXBuildFile; productRef = 054FB36728B16C8F00404202 /* Alamofire */; };
		056EC8D528BCC07300D26B1C /* User.xcdatamodeld in Sources */ = {isa = PBXBuildFile; fileRef = 056EC8D328BCC07300D26B1C /* User.xcdatamodeld */; };
		056EC8D628BCC07300D26B1C /* User.xcdatamodeld in Sources */ = {isa = PBXBuildFile; fileRef = 056EC8D328BCC07300D26B1C /* User.xcdatamodeld */; };
		057C88FC28B38CA300A3E16A /* MailAndSecretController.swift in Sources */ = {isa = PBXBuildFile; fileRef = 057C88FB28B38CA300A3E16A /* MailAndSecretController.swift */; };
		0589896F28D9E6EB00C1495C /* WidgetKit.framework in Frameworks */ = {isa = PBXBuildFile; fileRef = 0589896E28D9E6EB00C1495C /* WidgetKit.framework */; };
		0589897128D9E6EB00C1495C /* SwiftUI.framework in Frameworks */ = {isa = PBXBuildFile; fileRef = 0589897028D9E6EB00C1495C /* SwiftUI.framework */; };
		0589897428D9E6EC00C1495C /* SoundboardWidget.swift in Sources */ = {isa = PBXBuildFile; fileRef = 0589897328D9E6EC00C1495C /* SoundboardWidget.swift */; };
		0589897628D9E6ED00C1495C /* Assets.xcassets in Resources */ = {isa = PBXBuildFile; fileRef = 0589897528D9E6ED00C1495C /* Assets.xcassets */; };
		0589897A28D9E6ED00C1495C /* SoundboardWidgetExtension.appex in Embed App Extensions */ = {isa = PBXBuildFile; fileRef = 0589896D28D9E6EB00C1495C /* SoundboardWidgetExtension.appex */; settings = {ATTRIBUTES = (RemoveHeadersOnCopy, ); }; };
		0589898028D9E83E00C1495C /* Container.swift in Sources */ = {isa = PBXBuildFile; fileRef = 0589897F28D9E83E00C1495C /* Container.swift */; };
		0589898128D9E88100C1495C /* User.xcdatamodeld in Sources */ = {isa = PBXBuildFile; fileRef = 056EC8D328BCC07300D26B1C /* User.xcdatamodeld */; };
		05DE629C28B3604400C69178 /* CloudKit.framework in Frameworks */ = {isa = PBXBuildFile; fileRef = 05DE629B28B3604400C69178 /* CloudKit.framework */; };
		05DE629F28B3605900C69178 /* CloudKit.framework in Frameworks */ = {isa = PBXBuildFile; fileRef = 05DE629E28B3605900C69178 /* CloudKit.framework */; };
		1442C0082805D8AA00DDA3D6 /* Sounds.swift in Sources */ = {isa = PBXBuildFile; fileRef = 1442C0072805D8AA00DDA3D6 /* Sounds.swift */; };
		14830505276CF73300F14BF4 /* SearchCollectionReusableView.swift in Sources */ = {isa = PBXBuildFile; fileRef = 14830504276CF73300F14BF4 /* SearchCollectionReusableView.swift */; };
		14AA43642798714A0006F810 /* WatchSoundboard.app in Embed Watch Content */ = {isa = PBXBuildFile; fileRef = 14AA43632798714A0006F810 /* WatchSoundboard.app */; settings = {ATTRIBUTES = (RemoveHeadersOnCopy, ); }; };
		14AA436A2798714A0006F810 /* Interface.storyboard in Resources */ = {isa = PBXBuildFile; fileRef = 14AA43682798714A0006F810 /* Interface.storyboard */; };
		14AA436C2798714C0006F810 /* Assets.xcassets in Resources */ = {isa = PBXBuildFile; fileRef = 14AA436B2798714C0006F810 /* Assets.xcassets */; };
		14AA43722798714C0006F810 /* SoundBoardWatch WatchKit Extension.appex in Embed App Extensions */ = {isa = PBXBuildFile; fileRef = 14AA43712798714C0006F810 /* SoundBoardWatch WatchKit Extension.appex */; settings = {ATTRIBUTES = (RemoveHeadersOnCopy, ); }; };
		14AA43772798714C0006F810 /* InterfaceController.swift in Sources */ = {isa = PBXBuildFile; fileRef = 14AA43762798714C0006F810 /* InterfaceController.swift */; };
		14AA43792798714C0006F810 /* ExtensionDelegate.swift in Sources */ = {isa = PBXBuildFile; fileRef = 14AA43782798714C0006F810 /* ExtensionDelegate.swift */; };
		14AA437B2798714C0006F810 /* NotificationController.swift in Sources */ = {isa = PBXBuildFile; fileRef = 14AA437A2798714C0006F810 /* NotificationController.swift */; };
		14AA437D2798714C0006F810 /* ComplicationController.swift in Sources */ = {isa = PBXBuildFile; fileRef = 14AA437C2798714C0006F810 /* ComplicationController.swift */; };
		14AA437F2798714D0006F810 /* Assets.xcassets in Resources */ = {isa = PBXBuildFile; fileRef = 14AA437E2798714D0006F810 /* Assets.xcassets */; };
		14AA4394279878400006F810 /* SoundsInterfaceController.swift in Sources */ = {isa = PBXBuildFile; fileRef = 14AA4393279878400006F810 /* SoundsInterfaceController.swift */; };
		14AA4395279879B90006F810 /* SoundModel.swift in Sources */ = {isa = PBXBuildFile; fileRef = 14BB9C3D273872A7006DC0B7 /* SoundModel.swift */; };
		14AA439827987B7D0006F810 /* SoundRow.swift in Sources */ = {isa = PBXBuildFile; fileRef = 14AA439727987B7D0006F810 /* SoundRow.swift */; };
		14BB9C0E2738719D006DC0B7 /* AppDelegate.swift in Sources */ = {isa = PBXBuildFile; fileRef = 14BB9C0D2738719D006DC0B7 /* AppDelegate.swift */; };
		14BB9C102738719D006DC0B7 /* SceneDelegate.swift in Sources */ = {isa = PBXBuildFile; fileRef = 14BB9C0F2738719D006DC0B7 /* SceneDelegate.swift */; };
		14BB9C122738719D006DC0B7 /* ViewController.swift in Sources */ = {isa = PBXBuildFile; fileRef = 14BB9C112738719D006DC0B7 /* ViewController.swift */; };
		14BB9C152738719D006DC0B7 /* Main.storyboard in Resources */ = {isa = PBXBuildFile; fileRef = 14BB9C132738719D006DC0B7 /* Main.storyboard */; };
		14BB9C172738719E006DC0B7 /* Assets.xcassets in Resources */ = {isa = PBXBuildFile; fileRef = 14BB9C162738719E006DC0B7 /* Assets.xcassets */; };
		14BB9C1A2738719E006DC0B7 /* LaunchScreen.storyboard in Resources */ = {isa = PBXBuildFile; fileRef = 14BB9C182738719E006DC0B7 /* LaunchScreen.storyboard */; };
		14BB9C252738719F006DC0B7 /* SoundboardTests.swift in Sources */ = {isa = PBXBuildFile; fileRef = 14BB9C242738719F006DC0B7 /* SoundboardTests.swift */; };
		14BB9C2F2738719F006DC0B7 /* SoundboardUITests.swift in Sources */ = {isa = PBXBuildFile; fileRef = 14BB9C2E2738719F006DC0B7 /* SoundboardUITests.swift */; };
		14BB9C312738719F006DC0B7 /* SoundboardUITestsLaunchTests.swift in Sources */ = {isa = PBXBuildFile; fileRef = 14BB9C302738719F006DC0B7 /* SoundboardUITestsLaunchTests.swift */; };
		14BB9C3E273872A7006DC0B7 /* SoundModel.swift in Sources */ = {isa = PBXBuildFile; fileRef = 14BB9C3D273872A7006DC0B7 /* SoundModel.swift */; };
		14BB9C4027387663006DC0B7 /* SoundViewCollectionViewCell.swift in Sources */ = {isa = PBXBuildFile; fileRef = 14BB9C3F27387663006DC0B7 /* SoundViewCollectionViewCell.swift */; };
		14E585962760A32100B50757 /* Public.swift in Sources */ = {isa = PBXBuildFile; fileRef = 14E585952760A32100B50757 /* Public.swift */; };
		14E585982760A61600B50757 /* WatchController.swift in Sources */ = {isa = PBXBuildFile; fileRef = 14E585972760A61600B50757 /* WatchController.swift */; };
		778312346900D361EC6B4871 /* Pods_Soundboard_SoundboardUITests.framework in Frameworks */ = {isa = PBXBuildFile; fileRef = D3DEDDEEA760D66BBA276950 /* Pods_Soundboard_SoundboardUITests.framework */; };
		E79943B0BF8A7EA8F10E2C2A /* Pods_Soundboard.framework in Frameworks */ = {isa = PBXBuildFile; fileRef = 969428E972A60599771D88A4 /* Pods_Soundboard.framework */; };
		FB0D8BF4BD34C6A64F73DF10 /* Pods_SoundboardTests.framework in Frameworks */ = {isa = PBXBuildFile; fileRef = C70B2B973C6F9B4D198F1C5E /* Pods_SoundboardTests.framework */; };
/* End PBXBuildFile section */

/* Begin PBXContainerItemProxy section */
		0589897828D9E6ED00C1495C /* PBXContainerItemProxy */ = {
			isa = PBXContainerItemProxy;
			containerPortal = 14BB9C022738719D006DC0B7 /* Project object */;
			proxyType = 1;
			remoteGlobalIDString = 0589896C28D9E6EB00C1495C;
			remoteInfo = SoundboardWidgetExtension;
		};
		14AA43652798714A0006F810 /* PBXContainerItemProxy */ = {
			isa = PBXContainerItemProxy;
			containerPortal = 14BB9C022738719D006DC0B7 /* Project object */;
			proxyType = 1;
			remoteGlobalIDString = 14AA43622798714A0006F810;
			remoteInfo = "SoundBoardWatch WatchKit App";
		};
		14AA43732798714C0006F810 /* PBXContainerItemProxy */ = {
			isa = PBXContainerItemProxy;
			containerPortal = 14BB9C022738719D006DC0B7 /* Project object */;
			proxyType = 1;
			remoteGlobalIDString = 14AA43702798714C0006F810;
			remoteInfo = "SoundBoardWatch WatchKit Extension";
		};
		14BB9C212738719F006DC0B7 /* PBXContainerItemProxy */ = {
			isa = PBXContainerItemProxy;
			containerPortal = 14BB9C022738719D006DC0B7 /* Project object */;
			proxyType = 1;
			remoteGlobalIDString = 14BB9C092738719D006DC0B7;
			remoteInfo = Soundboard;
		};
		14BB9C2B2738719F006DC0B7 /* PBXContainerItemProxy */ = {
			isa = PBXContainerItemProxy;
			containerPortal = 14BB9C022738719D006DC0B7 /* Project object */;
			proxyType = 1;
			remoteGlobalIDString = 14BB9C092738719D006DC0B7;
			remoteInfo = Soundboard;
		};
/* End PBXContainerItemProxy section */

/* Begin PBXCopyFilesBuildPhase section */
		14AA43842798714D0006F810 /* Embed Watch Content */ = {
			isa = PBXCopyFilesBuildPhase;
			buildActionMask = 2147483647;
			dstPath = "$(CONTENTS_FOLDER_PATH)/Watch";
			dstSubfolderSpec = 16;
			files = (
				14AA43642798714A0006F810 /* WatchSoundboard.app in Embed Watch Content */,
			);
			name = "Embed Watch Content";
			runOnlyForDeploymentPostprocessing = 0;
		};
		14AA43872798714D0006F810 /* Embed App Extensions */ = {
			isa = PBXCopyFilesBuildPhase;
			buildActionMask = 2147483647;
			dstPath = "";
			dstSubfolderSpec = 13;
			files = (
				14AA43722798714C0006F810 /* SoundBoardWatch WatchKit Extension.appex in Embed App Extensions */,
			);
			name = "Embed App Extensions";
			runOnlyForDeploymentPostprocessing = 0;
		};
		14AA74B627662D1600F1CD0F /* Embed App Extensions */ = {
			isa = PBXCopyFilesBuildPhase;
			buildActionMask = 2147483647;
			dstPath = "";
			dstSubfolderSpec = 13;
			files = (
				0589897A28D9E6ED00C1495C /* SoundboardWidgetExtension.appex in Embed App Extensions */,
			);
			name = "Embed App Extensions";
			runOnlyForDeploymentPostprocessing = 0;
		};
/* End PBXCopyFilesBuildPhase section */

/* Begin PBXFileReference section */
		0537B8DF286CBBDF002B7ACD /* LaylaKurz.mp3 */ = {isa = PBXFileReference; lastKnownFileType = audio.mp3; path = LaylaKurz.mp3; sourceTree = "<group>"; };
		0537B8E9286CBCCD002B7ACD /* Layla.png */ = {isa = PBXFileReference; lastKnownFileType = image.png; path = Layla.png; sourceTree = "<group>"; };
		054FB34228B0E64A00404202 /* DownloadController.swift */ = {isa = PBXFileReference; lastKnownFileType = sourcecode.swift; path = DownloadController.swift; sourceTree = "<group>"; };
		054FB34428B0E7FD00404202 /* GoogleService-Info.plist */ = {isa = PBXFileReference; lastKnownFileType = text.plist; path = "GoogleService-Info.plist"; sourceTree = SOURCE_ROOT; };
		054FB35828B10A1B00404202 /* Utilities.swift */ = {isa = PBXFileReference; lastKnownFileType = sourcecode.swift; path = Utilities.swift; sourceTree = "<group>"; };
		054FB36128B150AA00404202 /* User.swift */ = {isa = PBXFileReference; lastKnownFileType = sourcecode.swift; path = User.swift; sourceTree = "<group>"; };
		054FB36428B1529700404202 /* Encryption.swift */ = {isa = PBXFileReference; lastKnownFileType = sourcecode.swift; path = Encryption.swift; sourceTree = "<group>"; };
		056EC8D428BCC07300D26B1C /* User.xcdatamodel */ = {isa = PBXFileReference; lastKnownFileType = wrapper.xcdatamodel; path = User.xcdatamodel; sourceTree = "<group>"; };
		057C88F628B3744600A3E16A /* CoreData.framework */ = {isa = PBXFileReference; lastKnownFileType = wrapper.framework; name = CoreData.framework; path = Platforms/WatchOS.platform/Developer/SDKs/WatchOS8.5.sdk/System/Library/Frameworks/CoreData.framework; sourceTree = DEVELOPER_DIR; };
		057C88FB28B38CA300A3E16A /* MailAndSecretController.swift */ = {isa = PBXFileReference; lastKnownFileType = sourcecode.swift; path = MailAndSecretController.swift; sourceTree = "<group>"; };
		0589896D28D9E6EB00C1495C /* SoundboardWidgetExtension.appex */ = {isa = PBXFileReference; explicitFileType = "wrapper.app-extension"; includeInIndex = 0; path = SoundboardWidgetExtension.appex; sourceTree = BUILT_PRODUCTS_DIR; };
		0589896E28D9E6EB00C1495C /* WidgetKit.framework */ = {isa = PBXFileReference; lastKnownFileType = wrapper.framework; name = WidgetKit.framework; path = System/Library/Frameworks/WidgetKit.framework; sourceTree = SDKROOT; };
		0589897028D9E6EB00C1495C /* SwiftUI.framework */ = {isa = PBXFileReference; lastKnownFileType = wrapper.framework; name = SwiftUI.framework; path = System/Library/Frameworks/SwiftUI.framework; sourceTree = SDKROOT; };
		0589897328D9E6EC00C1495C /* SoundboardWidget.swift */ = {isa = PBXFileReference; lastKnownFileType = sourcecode.swift; path = SoundboardWidget.swift; sourceTree = "<group>"; };
		0589897528D9E6ED00C1495C /* Assets.xcassets */ = {isa = PBXFileReference; lastKnownFileType = folder.assetcatalog; path = Assets.xcassets; sourceTree = "<group>"; };
		0589897728D9E6ED00C1495C /* Info.plist */ = {isa = PBXFileReference; lastKnownFileType = text.plist.xml; path = Info.plist; sourceTree = "<group>"; };
		0589897E28D9E73600C1495C /* SoundboardWidgetExtension.entitlements */ = {isa = PBXFileReference; lastKnownFileType = text.plist.entitlements; path = SoundboardWidgetExtension.entitlements; sourceTree = "<group>"; };
		0589897F28D9E83E00C1495C /* Container.swift */ = {isa = PBXFileReference; lastKnownFileType = sourcecode.swift; path = Container.swift; sourceTree = "<group>"; };
		05DE629B28B3604400C69178 /* CloudKit.framework */ = {isa = PBXFileReference; lastKnownFileType = wrapper.framework; name = CloudKit.framework; path = System/Library/Frameworks/CloudKit.framework; sourceTree = SDKROOT; };
		05DE629D28B3605700C69178 /* SoundBoardWatch WatchKit Extension.entitlements */ = {isa = PBXFileReference; lastKnownFileType = text.plist.entitlements; path = "SoundBoardWatch WatchKit Extension.entitlements"; sourceTree = "<group>"; };
		05DE629E28B3605900C69178 /* CloudKit.framework */ = {isa = PBXFileReference; lastKnownFileType = wrapper.framework; name = CloudKit.framework; path = Platforms/WatchOS.platform/Developer/SDKs/WatchOS8.5.sdk/System/Library/Frameworks/CloudKit.framework; sourceTree = DEVELOPER_DIR; };
		1442C0072805D8AA00DDA3D6 /* Sounds.swift */ = {isa = PBXFileReference; lastKnownFileType = sourcecode.swift; path = Sounds.swift; sourceTree = "<group>"; };
		1482AEA727469764002003DD /* Soundboard.entitlements */ = {isa = PBXFileReference; lastKnownFileType = text.plist.entitlements; path = Soundboard.entitlements; sourceTree = "<group>"; };
		14830504276CF73300F14BF4 /* SearchCollectionReusableView.swift */ = {isa = PBXFileReference; lastKnownFileType = sourcecode.swift; path = SearchCollectionReusableView.swift; sourceTree = "<group>"; };
		14AA43602798714A0006F810 /* WatchSoundboardWatch.app */ = {isa = PBXFileReference; explicitFileType = wrapper.application; includeInIndex = 0; path = WatchSoundboardWatch.app; sourceTree = BUILT_PRODUCTS_DIR; };
		14AA43632798714A0006F810 /* WatchSoundboard.app */ = {isa = PBXFileReference; explicitFileType = wrapper.application; includeInIndex = 0; path = WatchSoundboard.app; sourceTree = BUILT_PRODUCTS_DIR; };
		14AA43692798714A0006F810 /* Base */ = {isa = PBXFileReference; lastKnownFileType = file.storyboard; name = Base; path = Base.lproj/Interface.storyboard; sourceTree = "<group>"; };
		14AA436B2798714C0006F810 /* Assets.xcassets */ = {isa = PBXFileReference; lastKnownFileType = folder.assetcatalog; path = Assets.xcassets; sourceTree = "<group>"; };
		14AA43712798714C0006F810 /* SoundBoardWatch WatchKit Extension.appex */ = {isa = PBXFileReference; explicitFileType = "wrapper.app-extension"; includeInIndex = 0; path = "SoundBoardWatch WatchKit Extension.appex"; sourceTree = BUILT_PRODUCTS_DIR; };
		14AA43762798714C0006F810 /* InterfaceController.swift */ = {isa = PBXFileReference; lastKnownFileType = sourcecode.swift; path = InterfaceController.swift; sourceTree = "<group>"; };
		14AA43782798714C0006F810 /* ExtensionDelegate.swift */ = {isa = PBXFileReference; lastKnownFileType = sourcecode.swift; path = ExtensionDelegate.swift; sourceTree = "<group>"; };
		14AA437A2798714C0006F810 /* NotificationController.swift */ = {isa = PBXFileReference; lastKnownFileType = sourcecode.swift; path = NotificationController.swift; sourceTree = "<group>"; };
		14AA437C2798714C0006F810 /* ComplicationController.swift */ = {isa = PBXFileReference; lastKnownFileType = sourcecode.swift; path = ComplicationController.swift; sourceTree = "<group>"; };
		14AA437E2798714D0006F810 /* Assets.xcassets */ = {isa = PBXFileReference; lastKnownFileType = folder.assetcatalog; path = Assets.xcassets; sourceTree = "<group>"; };
		14AA43802798714D0006F810 /* Info.plist */ = {isa = PBXFileReference; lastKnownFileType = text.plist.xml; path = Info.plist; sourceTree = "<group>"; };
		14AA43812798714D0006F810 /* PushNotificationPayload.apns */ = {isa = PBXFileReference; lastKnownFileType = text; path = PushNotificationPayload.apns; sourceTree = "<group>"; };
		14AA4393279878400006F810 /* SoundsInterfaceController.swift */ = {isa = PBXFileReference; lastKnownFileType = sourcecode.swift; path = SoundsInterfaceController.swift; sourceTree = "<group>"; };
		14AA439727987B7D0006F810 /* SoundRow.swift */ = {isa = PBXFileReference; lastKnownFileType = sourcecode.swift; path = SoundRow.swift; sourceTree = "<group>"; };
		14BB9C0A2738719D006DC0B7 /* Soundboard.app */ = {isa = PBXFileReference; explicitFileType = wrapper.application; includeInIndex = 0; path = Soundboard.app; sourceTree = BUILT_PRODUCTS_DIR; };
		14BB9C0D2738719D006DC0B7 /* AppDelegate.swift */ = {isa = PBXFileReference; lastKnownFileType = sourcecode.swift; path = AppDelegate.swift; sourceTree = "<group>"; };
		14BB9C0F2738719D006DC0B7 /* SceneDelegate.swift */ = {isa = PBXFileReference; lastKnownFileType = sourcecode.swift; path = SceneDelegate.swift; sourceTree = "<group>"; };
		14BB9C112738719D006DC0B7 /* ViewController.swift */ = {isa = PBXFileReference; lastKnownFileType = sourcecode.swift; path = ViewController.swift; sourceTree = "<group>"; };
		14BB9C142738719D006DC0B7 /* Base */ = {isa = PBXFileReference; lastKnownFileType = file.storyboard; name = Base; path = Base.lproj/Main.storyboard; sourceTree = "<group>"; };
		14BB9C162738719E006DC0B7 /* Assets.xcassets */ = {isa = PBXFileReference; lastKnownFileType = folder.assetcatalog; path = Assets.xcassets; sourceTree = "<group>"; };
		14BB9C192738719E006DC0B7 /* Base */ = {isa = PBXFileReference; lastKnownFileType = file.storyboard; name = Base; path = Base.lproj/LaunchScreen.storyboard; sourceTree = "<group>"; };
		14BB9C1B2738719E006DC0B7 /* Info.plist */ = {isa = PBXFileReference; lastKnownFileType = text.plist.xml; path = Info.plist; sourceTree = "<group>"; };
		14BB9C202738719F006DC0B7 /* SoundboardTests.xctest */ = {isa = PBXFileReference; explicitFileType = wrapper.cfbundle; includeInIndex = 0; path = SoundboardTests.xctest; sourceTree = BUILT_PRODUCTS_DIR; };
		14BB9C242738719F006DC0B7 /* SoundboardTests.swift */ = {isa = PBXFileReference; lastKnownFileType = sourcecode.swift; path = SoundboardTests.swift; sourceTree = "<group>"; };
		14BB9C2A2738719F006DC0B7 /* SoundboardUITests.xctest */ = {isa = PBXFileReference; explicitFileType = wrapper.cfbundle; includeInIndex = 0; path = SoundboardUITests.xctest; sourceTree = BUILT_PRODUCTS_DIR; };
		14BB9C2E2738719F006DC0B7 /* SoundboardUITests.swift */ = {isa = PBXFileReference; lastKnownFileType = sourcecode.swift; path = SoundboardUITests.swift; sourceTree = "<group>"; };
		14BB9C302738719F006DC0B7 /* SoundboardUITestsLaunchTests.swift */ = {isa = PBXFileReference; lastKnownFileType = sourcecode.swift; path = SoundboardUITestsLaunchTests.swift; sourceTree = "<group>"; };
		14BB9C3D273872A7006DC0B7 /* SoundModel.swift */ = {isa = PBXFileReference; lastKnownFileType = sourcecode.swift; path = SoundModel.swift; sourceTree = "<group>"; };
		14BB9C3F27387663006DC0B7 /* SoundViewCollectionViewCell.swift */ = {isa = PBXFileReference; lastKnownFileType = sourcecode.swift; path = SoundViewCollectionViewCell.swift; sourceTree = "<group>"; };
		14E585952760A32100B50757 /* Public.swift */ = {isa = PBXFileReference; lastKnownFileType = sourcecode.swift; path = Public.swift; sourceTree = "<group>"; };
		14E585972760A61600B50757 /* WatchController.swift */ = {isa = PBXFileReference; lastKnownFileType = sourcecode.swift; path = WatchController.swift; sourceTree = "<group>"; };
		352DC3AB90145DEEC0727FD8 /* Pods-Soundboard-SoundboardUITests.release.xcconfig */ = {isa = PBXFileReference; includeInIndex = 1; lastKnownFileType = text.xcconfig; name = "Pods-Soundboard-SoundboardUITests.release.xcconfig"; path = "Target Support Files/Pods-Soundboard-SoundboardUITests/Pods-Soundboard-SoundboardUITests.release.xcconfig"; sourceTree = "<group>"; };
		37AA169FCA46E411973C6104 /* Pods-SoundboardTests.release.xcconfig */ = {isa = PBXFileReference; includeInIndex = 1; lastKnownFileType = text.xcconfig; name = "Pods-SoundboardTests.release.xcconfig"; path = "Target Support Files/Pods-SoundboardTests/Pods-SoundboardTests.release.xcconfig"; sourceTree = "<group>"; };
		880570EE2F8C35F8A277C09A /* Pods-Soundboard.debug.xcconfig */ = {isa = PBXFileReference; includeInIndex = 1; lastKnownFileType = text.xcconfig; name = "Pods-Soundboard.debug.xcconfig"; path = "Target Support Files/Pods-Soundboard/Pods-Soundboard.debug.xcconfig"; sourceTree = "<group>"; };
		91B689451214BB749F746B3A /* Pods-Soundboard.release.xcconfig */ = {isa = PBXFileReference; includeInIndex = 1; lastKnownFileType = text.xcconfig; name = "Pods-Soundboard.release.xcconfig"; path = "Target Support Files/Pods-Soundboard/Pods-Soundboard.release.xcconfig"; sourceTree = "<group>"; };
		969428E972A60599771D88A4 /* Pods_Soundboard.framework */ = {isa = PBXFileReference; explicitFileType = wrapper.framework; includeInIndex = 0; path = Pods_Soundboard.framework; sourceTree = BUILT_PRODUCTS_DIR; };
		AD25B0FDC4C8BC067ACBAD04 /* Pods-Soundboard-SoundboardUITests.debug.xcconfig */ = {isa = PBXFileReference; includeInIndex = 1; lastKnownFileType = text.xcconfig; name = "Pods-Soundboard-SoundboardUITests.debug.xcconfig"; path = "Target Support Files/Pods-Soundboard-SoundboardUITests/Pods-Soundboard-SoundboardUITests.debug.xcconfig"; sourceTree = "<group>"; };
		B881066474D3C44FDC3F896E /* Pods-SoundboardTests.debug.xcconfig */ = {isa = PBXFileReference; includeInIndex = 1; lastKnownFileType = text.xcconfig; name = "Pods-SoundboardTests.debug.xcconfig"; path = "Target Support Files/Pods-SoundboardTests/Pods-SoundboardTests.debug.xcconfig"; sourceTree = "<group>"; };
		C70B2B973C6F9B4D198F1C5E /* Pods_SoundboardTests.framework */ = {isa = PBXFileReference; explicitFileType = wrapper.framework; includeInIndex = 0; path = Pods_SoundboardTests.framework; sourceTree = BUILT_PRODUCTS_DIR; };
		D3DEDDEEA760D66BBA276950 /* Pods_Soundboard_SoundboardUITests.framework */ = {isa = PBXFileReference; explicitFileType = wrapper.framework; includeInIndex = 0; path = Pods_Soundboard_SoundboardUITests.framework; sourceTree = BUILT_PRODUCTS_DIR; };
/* End PBXFileReference section */

/* Begin PBXFrameworksBuildPhase section */
		0589896A28D9E6EB00C1495C /* Frameworks */ = {
			isa = PBXFrameworksBuildPhase;
			buildActionMask = 2147483647;
			files = (
				0589897128D9E6EB00C1495C /* SwiftUI.framework in Frameworks */,
				0589896F28D9E6EB00C1495C /* WidgetKit.framework in Frameworks */,
			);
			runOnlyForDeploymentPostprocessing = 0;
		};
		14AA436E2798714C0006F810 /* Frameworks */ = {
			isa = PBXFrameworksBuildPhase;
			buildActionMask = 2147483647;
			files = (
				05DE629F28B3605900C69178 /* CloudKit.framework in Frameworks */,
				054FB34C28B0EF1000404202 /* RNCryptor in Frameworks */,
				054FB35F28B13DE000404202 /* Alamofire in Frameworks */,
			);
			runOnlyForDeploymentPostprocessing = 0;
		};
		14BB9C072738719D006DC0B7 /* Frameworks */ = {
			isa = PBXFrameworksBuildPhase;
			buildActionMask = 2147483647;
			files = (
				054FB36828B16C8F00404202 /* Alamofire in Frameworks */,
				05DE629C28B3604400C69178 /* CloudKit.framework in Frameworks */,
				054FB34828B0EEAF00404202 /* RNCryptor in Frameworks */,
				E79943B0BF8A7EA8F10E2C2A /* Pods_Soundboard.framework in Frameworks */,
			);
			runOnlyForDeploymentPostprocessing = 0;
		};
		14BB9C1D2738719F006DC0B7 /* Frameworks */ = {
			isa = PBXFrameworksBuildPhase;
			buildActionMask = 2147483647;
			files = (
				FB0D8BF4BD34C6A64F73DF10 /* Pods_SoundboardTests.framework in Frameworks */,
			);
			runOnlyForDeploymentPostprocessing = 0;
		};
		14BB9C272738719F006DC0B7 /* Frameworks */ = {
			isa = PBXFrameworksBuildPhase;
			buildActionMask = 2147483647;
			files = (
				778312346900D361EC6B4871 /* Pods_Soundboard_SoundboardUITests.framework in Frameworks */,
			);
			runOnlyForDeploymentPostprocessing = 0;
		};
		1D2B72A8D343D539365C4E77 /* Frameworks */ = {
			isa = PBXFrameworksBuildPhase;
			buildActionMask = 2147483647;
			files = (
				054FB34A28B0EED700404202 /* RNCryptor in Frameworks */,
				054FB35D28B13DDB00404202 /* Alamofire in Frameworks */,
			);
			runOnlyForDeploymentPostprocessing = 0;
		};
		F1041A8782916E93FC0E50B3 /* Frameworks */ = {
			isa = PBXFrameworksBuildPhase;
			buildActionMask = 2147483647;
			files = (
				054FB34E28B0EF1900404202 /* RNCryptor in Frameworks */,
				054FB35B28B13DD500404202 /* Alamofire in Frameworks */,
			);
			runOnlyForDeploymentPostprocessing = 0;
		};
/* End PBXFrameworksBuildPhase section */

/* Begin PBXGroup section */
		054FB36028B145D100404202 /* Not needed */ = {
			isa = PBXGroup;
			children = (
				14AA437C2798714C0006F810 /* ComplicationController.swift */,
				14AA43782798714C0006F810 /* ExtensionDelegate.swift */,
				14AA43762798714C0006F810 /* InterfaceController.swift */,
				14AA437A2798714C0006F810 /* NotificationController.swift */,
				14AA43812798714D0006F810 /* PushNotificationPayload.apns */,
			);
			path = "Not needed";
			sourceTree = "<group>";
		};
		057C88FD28B38CBF00A3E16A /* Controller */ = {
			isa = PBXGroup;
			children = (
				14AA4393279878400006F810 /* SoundsInterfaceController.swift */,
				057C88FB28B38CA300A3E16A /* MailAndSecretController.swift */,
				054FB34228B0E64A00404202 /* DownloadController.swift */,
			);
			path = Controller;
			sourceTree = "<group>";
		};
		0589897228D9E6EC00C1495C /* SoundboardWidget */ = {
			isa = PBXGroup;
			children = (
				0589897F28D9E83E00C1495C /* Container.swift */,
				0589897328D9E6EC00C1495C /* SoundboardWidget.swift */,
				0589897528D9E6ED00C1495C /* Assets.xcassets */,
				0589897728D9E6ED00C1495C /* Info.plist */,
			);
			path = SoundboardWidget;
			sourceTree = "<group>";
		};
		14AA43672798714A0006F810 /* SoundBoardWatch WatchKit App */ = {
			isa = PBXGroup;
			children = (
				14AA43682798714A0006F810 /* Interface.storyboard */,
				14AA436B2798714C0006F810 /* Assets.xcassets */,
			);
			path = "SoundBoardWatch WatchKit App";
			sourceTree = "<group>";
		};
		14AA43752798714C0006F810 /* SoundBoardWatch WatchKit Extension */ = {
			isa = PBXGroup;
			children = (
				05DE629D28B3605700C69178 /* SoundBoardWatch WatchKit Extension.entitlements */,
				054FB36028B145D100404202 /* Not needed */,
				14AA437E2798714D0006F810 /* Assets.xcassets */,
				14AA43802798714D0006F810 /* Info.plist */,
				057C88FD28B38CBF00A3E16A /* Controller */,
				14AA439727987B7D0006F810 /* SoundRow.swift */,
				1442C0072805D8AA00DDA3D6 /* Sounds.swift */,
				054FB35828B10A1B00404202 /* Utilities.swift */,
			);
			path = "SoundBoardWatch WatchKit Extension";
			sourceTree = "<group>";
		};
		14BB9C012738719D006DC0B7 = {
			isa = PBXGroup;
			children = (
				0589897E28D9E73600C1495C /* SoundboardWidgetExtension.entitlements */,
				14BB9C0C2738719D006DC0B7 /* Soundboard */,
				14BB9C232738719F006DC0B7 /* SoundboardTests */,
				14BB9C2D2738719F006DC0B7 /* SoundboardUITests */,
				14AA43672798714A0006F810 /* SoundBoardWatch WatchKit App */,
				14AA43752798714C0006F810 /* SoundBoardWatch WatchKit Extension */,
				0589897228D9E6EC00C1495C /* SoundboardWidget */,
				14BB9C0B2738719D006DC0B7 /* Products */,
				1D7CA137DEC92C49FC6138D1 /* Pods */,
				728F2FDAF055F60D8F359F96 /* Frameworks */,
			);
			sourceTree = "<group>";
		};
		14BB9C0B2738719D006DC0B7 /* Products */ = {
			isa = PBXGroup;
			children = (
				14BB9C0A2738719D006DC0B7 /* Soundboard.app */,
				14BB9C202738719F006DC0B7 /* SoundboardTests.xctest */,
				14BB9C2A2738719F006DC0B7 /* SoundboardUITests.xctest */,
				14AA43602798714A0006F810 /* WatchSoundboardWatch.app */,
				14AA43632798714A0006F810 /* WatchSoundboard.app */,
				14AA43712798714C0006F810 /* SoundBoardWatch WatchKit Extension.appex */,
				0589896D28D9E6EB00C1495C /* SoundboardWidgetExtension.appex */,
			);
			name = Products;
			sourceTree = "<group>";
		};
		14BB9C0C2738719D006DC0B7 /* Soundboard */ = {
			isa = PBXGroup;
			children = (
				1482AEA727469764002003DD /* Soundboard.entitlements */,
				054FB34428B0E7FD00404202 /* GoogleService-Info.plist */,
				14BB9C0D2738719D006DC0B7 /* AppDelegate.swift */,
				14BB9C422738787A006DC0B7 /* Sounds */,
				14BB9C412738786C006DC0B7 /* Images */,
				14BB9C0F2738719D006DC0B7 /* SceneDelegate.swift */,
				14BB9C112738719D006DC0B7 /* ViewController.swift */,
				14E585952760A32100B50757 /* Public.swift */,
				14E585972760A61600B50757 /* WatchController.swift */,
				14BB9C132738719D006DC0B7 /* Main.storyboard */,
				14BB9C162738719E006DC0B7 /* Assets.xcassets */,
				14BB9C182738719E006DC0B7 /* LaunchScreen.storyboard */,
				14BB9C1B2738719E006DC0B7 /* Info.plist */,
				14BB9C3D273872A7006DC0B7 /* SoundModel.swift */,
				14BB9C3F27387663006DC0B7 /* SoundViewCollectionViewCell.swift */,
				14830504276CF73300F14BF4 /* SearchCollectionReusableView.swift */,
				054FB36128B150AA00404202 /* User.swift */,
				054FB36428B1529700404202 /* Encryption.swift */,
				056EC8D328BCC07300D26B1C /* User.xcdatamodeld */,
			);
			path = Soundboard;
			sourceTree = "<group>";
		};
		14BB9C232738719F006DC0B7 /* SoundboardTests */ = {
			isa = PBXGroup;
			children = (
				14BB9C242738719F006DC0B7 /* SoundboardTests.swift */,
			);
			path = SoundboardTests;
			sourceTree = "<group>";
		};
		14BB9C2D2738719F006DC0B7 /* SoundboardUITests */ = {
			isa = PBXGroup;
			children = (
				14BB9C2E2738719F006DC0B7 /* SoundboardUITests.swift */,
				14BB9C302738719F006DC0B7 /* SoundboardUITestsLaunchTests.swift */,
			);
			path = SoundboardUITests;
			sourceTree = "<group>";
		};
		14BB9C412738786C006DC0B7 /* Images */ = {
			isa = PBXGroup;
			children = (
				0537B8E9286CBCCD002B7ACD /* Layla.png */,
			);
			path = Images;
			sourceTree = "<group>";
		};
		14BB9C422738787A006DC0B7 /* Sounds */ = {
			isa = PBXGroup;
			children = (
				0537B8DF286CBBDF002B7ACD /* LaylaKurz.mp3 */,
			);
			path = Sounds;
			sourceTree = "<group>";
		};
		1D7CA137DEC92C49FC6138D1 /* Pods */ = {
			isa = PBXGroup;
			children = (
				880570EE2F8C35F8A277C09A /* Pods-Soundboard.debug.xcconfig */,
				91B689451214BB749F746B3A /* Pods-Soundboard.release.xcconfig */,
				AD25B0FDC4C8BC067ACBAD04 /* Pods-Soundboard-SoundboardUITests.debug.xcconfig */,
				352DC3AB90145DEEC0727FD8 /* Pods-Soundboard-SoundboardUITests.release.xcconfig */,
				B881066474D3C44FDC3F896E /* Pods-SoundboardTests.debug.xcconfig */,
				37AA169FCA46E411973C6104 /* Pods-SoundboardTests.release.xcconfig */,
			);
			path = Pods;
			sourceTree = "<group>";
		};
		728F2FDAF055F60D8F359F96 /* Frameworks */ = {
			isa = PBXGroup;
			children = (
				057C88F628B3744600A3E16A /* CoreData.framework */,
				05DE629E28B3605900C69178 /* CloudKit.framework */,
				05DE629B28B3604400C69178 /* CloudKit.framework */,
				969428E972A60599771D88A4 /* Pods_Soundboard.framework */,
				D3DEDDEEA760D66BBA276950 /* Pods_Soundboard_SoundboardUITests.framework */,
				C70B2B973C6F9B4D198F1C5E /* Pods_SoundboardTests.framework */,
				0589896E28D9E6EB00C1495C /* WidgetKit.framework */,
				0589897028D9E6EB00C1495C /* SwiftUI.framework */,
			);
			name = Frameworks;
			sourceTree = "<group>";
		};
/* End PBXGroup section */

/* Begin PBXNativeTarget section */
		0589896C28D9E6EB00C1495C /* SoundboardWidgetExtension */ = {
			isa = PBXNativeTarget;
			buildConfigurationList = 0589897D28D9E6ED00C1495C /* Build configuration list for PBXNativeTarget "SoundboardWidgetExtension" */;
			buildPhases = (
				0589896928D9E6EB00C1495C /* Sources */,
				0589896A28D9E6EB00C1495C /* Frameworks */,
				0589896B28D9E6EB00C1495C /* Resources */,
			);
			buildRules = (
			);
			dependencies = (
			);
			name = SoundboardWidgetExtension;
			productName = SoundboardWidgetExtension;
			productReference = 0589896D28D9E6EB00C1495C /* SoundboardWidgetExtension.appex */;
			productType = "com.apple.product-type.app-extension";
		};
		14AA435F2798714A0006F810 /* SoundBoardWatch */ = {
			isa = PBXNativeTarget;
			buildConfigurationList = 14AA438C2798714D0006F810 /* Build configuration list for PBXNativeTarget "SoundBoardWatch" */;
			buildPhases = (
				14AA435E2798714A0006F810 /* Resources */,
				14AA43842798714D0006F810 /* Embed Watch Content */,
				F1041A8782916E93FC0E50B3 /* Frameworks */,
			);
			buildRules = (
			);
			dependencies = (
				14AA43662798714A0006F810 /* PBXTargetDependency */,
			);
			name = SoundBoardWatch;
			packageProductDependencies = (
				054FB34D28B0EF1900404202 /* RNCryptor */,
				054FB35A28B13DD500404202 /* Alamofire */,
			);
			productName = SoundBoardWatch;
			productReference = 14AA43602798714A0006F810 /* WatchSoundboardWatch.app */;
			productType = "com.apple.product-type.application.watchapp2-container";
		};
		14AA43622798714A0006F810 /* SoundBoardWatch WatchKit App */ = {
			isa = PBXNativeTarget;
			buildConfigurationList = 14AA438B2798714D0006F810 /* Build configuration list for PBXNativeTarget "SoundBoardWatch WatchKit App" */;
			buildPhases = (
				14AA43612798714A0006F810 /* Resources */,
				14AA43872798714D0006F810 /* Embed App Extensions */,
				1D2B72A8D343D539365C4E77 /* Frameworks */,
			);
			buildRules = (
			);
			dependencies = (
				14AA43742798714C0006F810 /* PBXTargetDependency */,
			);
			name = "SoundBoardWatch WatchKit App";
			packageProductDependencies = (
				054FB34928B0EED700404202 /* RNCryptor */,
				054FB35C28B13DDB00404202 /* Alamofire */,
			);
			productName = "SoundBoardWatch WatchKit App";
			productReference = 14AA43632798714A0006F810 /* WatchSoundboard.app */;
			productType = "com.apple.product-type.application.watchapp2";
		};
		14AA43702798714C0006F810 /* SoundBoardWatch WatchKit Extension */ = {
			isa = PBXNativeTarget;
			buildConfigurationList = 14AA438A2798714D0006F810 /* Build configuration list for PBXNativeTarget "SoundBoardWatch WatchKit Extension" */;
			buildPhases = (
				14AA436D2798714C0006F810 /* Sources */,
				14AA436E2798714C0006F810 /* Frameworks */,
				14AA436F2798714C0006F810 /* Resources */,
			);
			buildRules = (
			);
			dependencies = (
			);
			name = "SoundBoardWatch WatchKit Extension";
			packageProductDependencies = (
				054FB34B28B0EF1000404202 /* RNCryptor */,
				054FB35E28B13DE000404202 /* Alamofire */,
			);
			productName = "SoundBoardWatch WatchKit Extension";
			productReference = 14AA43712798714C0006F810 /* SoundBoardWatch WatchKit Extension.appex */;
			productType = "com.apple.product-type.watchkit2-extension";
		};
		14BB9C092738719D006DC0B7 /* Soundboard */ = {
			isa = PBXNativeTarget;
			buildConfigurationList = 14BB9C342738719F006DC0B7 /* Build configuration list for PBXNativeTarget "Soundboard" */;
			buildPhases = (
				51EE058069368AA2B24C6CCC /* [CP] Check Pods Manifest.lock */,
				14BB9C062738719D006DC0B7 /* Sources */,
				14BB9C072738719D006DC0B7 /* Frameworks */,
				14BB9C082738719D006DC0B7 /* Resources */,
				BBFBB19AE2FA25A6B0D1BCCD /* [CP] Embed Pods Frameworks */,
				14CCE98C2763696000894707 /* ShellScript */,
				14AA74B627662D1600F1CD0F /* Embed App Extensions */,
			);
			buildRules = (
			);
			dependencies = (
				0589897928D9E6ED00C1495C /* PBXTargetDependency */,
			);
			name = Soundboard;
			packageProductDependencies = (
				054FB34728B0EEAF00404202 /* RNCryptor */,
				054FB36728B16C8F00404202 /* Alamofire */,
			);
			productName = Soundboard;
			productReference = 14BB9C0A2738719D006DC0B7 /* Soundboard.app */;
			productType = "com.apple.product-type.application";
		};
		14BB9C1F2738719F006DC0B7 /* SoundboardTests */ = {
			isa = PBXNativeTarget;
			buildConfigurationList = 14BB9C372738719F006DC0B7 /* Build configuration list for PBXNativeTarget "SoundboardTests" */;
			buildPhases = (
				4C2762B9C12D0D3780AD5F66 /* [CP] Check Pods Manifest.lock */,
				14BB9C1C2738719F006DC0B7 /* Sources */,
				14BB9C1D2738719F006DC0B7 /* Frameworks */,
				14BB9C1E2738719F006DC0B7 /* Resources */,
			);
			buildRules = (
			);
			dependencies = (
				14BB9C222738719F006DC0B7 /* PBXTargetDependency */,
			);
			name = SoundboardTests;
			productName = SoundboardTests;
			productReference = 14BB9C202738719F006DC0B7 /* SoundboardTests.xctest */;
			productType = "com.apple.product-type.bundle.unit-test";
		};
		14BB9C292738719F006DC0B7 /* SoundboardUITests */ = {
			isa = PBXNativeTarget;
			buildConfigurationList = 14BB9C3A2738719F006DC0B7 /* Build configuration list for PBXNativeTarget "SoundboardUITests" */;
			buildPhases = (
				9D39B408327D991B539FF9A2 /* [CP] Check Pods Manifest.lock */,
				14BB9C262738719F006DC0B7 /* Sources */,
				14BB9C272738719F006DC0B7 /* Frameworks */,
				14BB9C282738719F006DC0B7 /* Resources */,
				A0F0CD3815B95C2CA15FA0FA /* [CP] Embed Pods Frameworks */,
			);
			buildRules = (
			);
			dependencies = (
				14BB9C2C2738719F006DC0B7 /* PBXTargetDependency */,
			);
			name = SoundboardUITests;
			productName = SoundboardUITests;
			productReference = 14BB9C2A2738719F006DC0B7 /* SoundboardUITests.xctest */;
			productType = "com.apple.product-type.bundle.ui-testing";
		};
/* End PBXNativeTarget section */

/* Begin PBXProject section */
		14BB9C022738719D006DC0B7 /* Project object */ = {
			isa = PBXProject;
			attributes = {
				BuildIndependentTargetsInParallel = 1;
				LastSwiftUpdateCheck = 1400;
				LastUpgradeCheck = 1300;
				TargetAttributes = {
					0589896C28D9E6EB00C1495C = {
						CreatedOnToolsVersion = 14.0;
					};
					14AA435F2798714A0006F810 = {
						CreatedOnToolsVersion = 13.2.1;
					};
					14AA43622798714A0006F810 = {
						CreatedOnToolsVersion = 13.2.1;
					};
					14AA43702798714C0006F810 = {
						CreatedOnToolsVersion = 13.2.1;
					};
					14BB9C092738719D006DC0B7 = {
						CreatedOnToolsVersion = 13.0;
					};
					14BB9C1F2738719F006DC0B7 = {
						CreatedOnToolsVersion = 13.0;
						TestTargetID = 14BB9C092738719D006DC0B7;
					};
					14BB9C292738719F006DC0B7 = {
						CreatedOnToolsVersion = 13.0;
						TestTargetID = 14BB9C092738719D006DC0B7;
					};
				};
			};
			buildConfigurationList = 14BB9C052738719D006DC0B7 /* Build configuration list for PBXProject "Soundboard" */;
			compatibilityVersion = "Xcode 13.0";
			developmentRegion = en;
			hasScannedForEncodings = 0;
			knownRegions = (
				en,
				Base,
			);
			mainGroup = 14BB9C012738719D006DC0B7;
			packageReferences = (
				054FB34628B0EEAF00404202 /* XCRemoteSwiftPackageReference "RNCryptor" */,
				054FB34F28B107F400404202 /* XCRemoteSwiftPackageReference "Alamofire" */,
			);
			productRefGroup = 14BB9C0B2738719D006DC0B7 /* Products */;
			projectDirPath = "";
			projectRoot = "";
			targets = (
				14BB9C092738719D006DC0B7 /* Soundboard */,
				14BB9C1F2738719F006DC0B7 /* SoundboardTests */,
				14BB9C292738719F006DC0B7 /* SoundboardUITests */,
				14AA435F2798714A0006F810 /* SoundBoardWatch */,
				14AA43622798714A0006F810 /* SoundBoardWatch WatchKit App */,
				14AA43702798714C0006F810 /* SoundBoardWatch WatchKit Extension */,
				0589896C28D9E6EB00C1495C /* SoundboardWidgetExtension */,
			);
		};
/* End PBXProject section */

/* Begin PBXResourcesBuildPhase section */
		0589896B28D9E6EB00C1495C /* Resources */ = {
			isa = PBXResourcesBuildPhase;
			buildActionMask = 2147483647;
			files = (
				0589897628D9E6ED00C1495C /* Assets.xcassets in Resources */,
			);
			runOnlyForDeploymentPostprocessing = 0;
		};
		14AA435E2798714A0006F810 /* Resources */ = {
			isa = PBXResourcesBuildPhase;
			buildActionMask = 2147483647;
			files = (
			);
			runOnlyForDeploymentPostprocessing = 0;
		};
		14AA43612798714A0006F810 /* Resources */ = {
			isa = PBXResourcesBuildPhase;
			buildActionMask = 2147483647;
			files = (
				14AA436C2798714C0006F810 /* Assets.xcassets in Resources */,
				14AA436A2798714A0006F810 /* Interface.storyboard in Resources */,
			);
			runOnlyForDeploymentPostprocessing = 0;
		};
		14AA436F2798714C0006F810 /* Resources */ = {
			isa = PBXResourcesBuildPhase;
			buildActionMask = 2147483647;
			files = (
				14AA437F2798714D0006F810 /* Assets.xcassets in Resources */,
			);
			runOnlyForDeploymentPostprocessing = 0;
		};
		14BB9C082738719D006DC0B7 /* Resources */ = {
			isa = PBXResourcesBuildPhase;
			buildActionMask = 2147483647;
			files = (
				14BB9C1A2738719E006DC0B7 /* LaunchScreen.storyboard in Resources */,
				0537B8EB286CBCCD002B7ACD /* Layla.png in Resources */,
				14BB9C172738719E006DC0B7 /* Assets.xcassets in Resources */,
				0537B8E1286CBBDF002B7ACD /* LaylaKurz.mp3 in Resources */,
				14BB9C152738719D006DC0B7 /* Main.storyboard in Resources */,
				054FB34528B0E7FD00404202 /* GoogleService-Info.plist in Resources */,
			);
			runOnlyForDeploymentPostprocessing = 0;
		};
		14BB9C1E2738719F006DC0B7 /* Resources */ = {
			isa = PBXResourcesBuildPhase;
			buildActionMask = 2147483647;
			files = (
			);
			runOnlyForDeploymentPostprocessing = 0;
		};
		14BB9C282738719F006DC0B7 /* Resources */ = {
			isa = PBXResourcesBuildPhase;
			buildActionMask = 2147483647;
			files = (
			);
			runOnlyForDeploymentPostprocessing = 0;
		};
/* End PBXResourcesBuildPhase section */

/* Begin PBXShellScriptBuildPhase section */
		14CCE98C2763696000894707 /* ShellScript */ = {
			isa = PBXShellScriptBuildPhase;
			buildActionMask = 2147483647;
			files = (
			);
			inputFileListPaths = (
			);
			inputPaths = (
			);
			outputFileListPaths = (
			);
			outputPaths = (
			);
			runOnlyForDeploymentPostprocessing = 0;
			shellPath = /bin/sh;
			shellScript = "# Type a script or drag a script file from your workspace to insert its path.\nxattr -cr ~/Library/Developer/Xcode/DerivedData || echo Clear\n";
		};
		4C2762B9C12D0D3780AD5F66 /* [CP] Check Pods Manifest.lock */ = {
			isa = PBXShellScriptBuildPhase;
			buildActionMask = 2147483647;
			files = (
			);
			inputFileListPaths = (
			);
			inputPaths = (
				"${PODS_PODFILE_DIR_PATH}/Podfile.lock",
				"${PODS_ROOT}/Manifest.lock",
			);
			name = "[CP] Check Pods Manifest.lock";
			outputFileListPaths = (
			);
			outputPaths = (
				"$(DERIVED_FILE_DIR)/Pods-SoundboardTests-checkManifestLockResult.txt",
			);
			runOnlyForDeploymentPostprocessing = 0;
			shellPath = /bin/sh;
			shellScript = "diff \"${PODS_PODFILE_DIR_PATH}/Podfile.lock\" \"${PODS_ROOT}/Manifest.lock\" > /dev/null\nif [ $? != 0 ] ; then\n    # print error to STDERR\n    echo \"error: The sandbox is not in sync with the Podfile.lock. Run 'pod install' or update your CocoaPods installation.\" >&2\n    exit 1\nfi\n# This output is used by Xcode 'outputs' to avoid re-running this script phase.\necho \"SUCCESS\" > \"${SCRIPT_OUTPUT_FILE_0}\"\n";
			showEnvVarsInLog = 0;
		};
		51EE058069368AA2B24C6CCC /* [CP] Check Pods Manifest.lock */ = {
			isa = PBXShellScriptBuildPhase;
			buildActionMask = 2147483647;
			files = (
			);
			inputFileListPaths = (
			);
			inputPaths = (
				"${PODS_PODFILE_DIR_PATH}/Podfile.lock",
				"${PODS_ROOT}/Manifest.lock",
			);
			name = "[CP] Check Pods Manifest.lock";
			outputFileListPaths = (
			);
			outputPaths = (
				"$(DERIVED_FILE_DIR)/Pods-Soundboard-checkManifestLockResult.txt",
			);
			runOnlyForDeploymentPostprocessing = 0;
			shellPath = /bin/sh;
			shellScript = "diff \"${PODS_PODFILE_DIR_PATH}/Podfile.lock\" \"${PODS_ROOT}/Manifest.lock\" > /dev/null\nif [ $? != 0 ] ; then\n    # print error to STDERR\n    echo \"error: The sandbox is not in sync with the Podfile.lock. Run 'pod install' or update your CocoaPods installation.\" >&2\n    exit 1\nfi\n# This output is used by Xcode 'outputs' to avoid re-running this script phase.\necho \"SUCCESS\" > \"${SCRIPT_OUTPUT_FILE_0}\"\n";
			showEnvVarsInLog = 0;
		};
		9D39B408327D991B539FF9A2 /* [CP] Check Pods Manifest.lock */ = {
			isa = PBXShellScriptBuildPhase;
			buildActionMask = 2147483647;
			files = (
			);
			inputFileListPaths = (
			);
			inputPaths = (
				"${PODS_PODFILE_DIR_PATH}/Podfile.lock",
				"${PODS_ROOT}/Manifest.lock",
			);
			name = "[CP] Check Pods Manifest.lock";
			outputFileListPaths = (
			);
			outputPaths = (
				"$(DERIVED_FILE_DIR)/Pods-Soundboard-SoundboardUITests-checkManifestLockResult.txt",
			);
			runOnlyForDeploymentPostprocessing = 0;
			shellPath = /bin/sh;
			shellScript = "diff \"${PODS_PODFILE_DIR_PATH}/Podfile.lock\" \"${PODS_ROOT}/Manifest.lock\" > /dev/null\nif [ $? != 0 ] ; then\n    # print error to STDERR\n    echo \"error: The sandbox is not in sync with the Podfile.lock. Run 'pod install' or update your CocoaPods installation.\" >&2\n    exit 1\nfi\n# This output is used by Xcode 'outputs' to avoid re-running this script phase.\necho \"SUCCESS\" > \"${SCRIPT_OUTPUT_FILE_0}\"\n";
			showEnvVarsInLog = 0;
		};
		A0F0CD3815B95C2CA15FA0FA /* [CP] Embed Pods Frameworks */ = {
			isa = PBXShellScriptBuildPhase;
			buildActionMask = 2147483647;
			files = (
			);
			inputFileListPaths = (
				"${PODS_ROOT}/Target Support Files/Pods-Soundboard-SoundboardUITests/Pods-Soundboard-SoundboardUITests-frameworks-${CONFIGURATION}-input-files.xcfilelist",
			);
			name = "[CP] Embed Pods Frameworks";
			outputFileListPaths = (
				"${PODS_ROOT}/Target Support Files/Pods-Soundboard-SoundboardUITests/Pods-Soundboard-SoundboardUITests-frameworks-${CONFIGURATION}-output-files.xcfilelist",
			);
			runOnlyForDeploymentPostprocessing = 0;
			shellPath = /bin/sh;
			shellScript = "\"${PODS_ROOT}/Target Support Files/Pods-Soundboard-SoundboardUITests/Pods-Soundboard-SoundboardUITests-frameworks.sh\"\n";
			showEnvVarsInLog = 0;
		};
		BBFBB19AE2FA25A6B0D1BCCD /* [CP] Embed Pods Frameworks */ = {
			isa = PBXShellScriptBuildPhase;
			buildActionMask = 2147483647;
			files = (
			);
			inputFileListPaths = (
				"${PODS_ROOT}/Target Support Files/Pods-Soundboard/Pods-Soundboard-frameworks-${CONFIGURATION}-input-files.xcfilelist",
			);
			name = "[CP] Embed Pods Frameworks";
			outputFileListPaths = (
				"${PODS_ROOT}/Target Support Files/Pods-Soundboard/Pods-Soundboard-frameworks-${CONFIGURATION}-output-files.xcfilelist",
			);
			runOnlyForDeploymentPostprocessing = 0;
			shellPath = /bin/sh;
			shellScript = "\"${PODS_ROOT}/Target Support Files/Pods-Soundboard/Pods-Soundboard-frameworks.sh\"\n";
			showEnvVarsInLog = 0;
		};
/* End PBXShellScriptBuildPhase section */

/* Begin PBXSourcesBuildPhase section */
		0589896928D9E6EB00C1495C /* Sources */ = {
			isa = PBXSourcesBuildPhase;
			buildActionMask = 2147483647;
			files = (
				0589898128D9E88100C1495C /* User.xcdatamodeld in Sources */,
				0589897428D9E6EC00C1495C /* SoundboardWidget.swift in Sources */,
				0589898028D9E83E00C1495C /* Container.swift in Sources */,
			);
			runOnlyForDeploymentPostprocessing = 0;
		};
		14AA436D2798714C0006F810 /* Sources */ = {
			isa = PBXSourcesBuildPhase;
			buildActionMask = 2147483647;
			files = (
				14AA437B2798714C0006F810 /* NotificationController.swift in Sources */,
				054FB34328B0E64A00404202 /* DownloadController.swift in Sources */,
				14AA437D2798714C0006F810 /* ComplicationController.swift in Sources */,
				14AA43792798714C0006F810 /* ExtensionDelegate.swift in Sources */,
				056EC8D628BCC07300D26B1C /* User.xcdatamodeld in Sources */,
				1442C0082805D8AA00DDA3D6 /* Sounds.swift in Sources */,
				054FB35928B10A1B00404202 /* Utilities.swift in Sources */,
				054FB36628B1529D00404202 /* Encryption.swift in Sources */,
				14AA4395279879B90006F810 /* SoundModel.swift in Sources */,
				14AA439827987B7D0006F810 /* SoundRow.swift in Sources */,
				14AA43772798714C0006F810 /* InterfaceController.swift in Sources */,
				14AA4394279878400006F810 /* SoundsInterfaceController.swift in Sources */,
				057C88FC28B38CA300A3E16A /* MailAndSecretController.swift in Sources */,
				054FB36328B1525300404202 /* User.swift in Sources */,
			);
			runOnlyForDeploymentPostprocessing = 0;
		};
		14BB9C062738719D006DC0B7 /* Sources */ = {
			isa = PBXSourcesBuildPhase;
			buildActionMask = 2147483647;
			files = (
				14830505276CF73300F14BF4 /* SearchCollectionReusableView.swift in Sources */,
				14BB9C4027387663006DC0B7 /* SoundViewCollectionViewCell.swift in Sources */,
				14BB9C122738719D006DC0B7 /* ViewController.swift in Sources */,
				14BB9C3E273872A7006DC0B7 /* SoundModel.swift in Sources */,
				14E585962760A32100B50757 /* Public.swift in Sources */,
				054FB36228B150AA00404202 /* User.swift in Sources */,
				14BB9C0E2738719D006DC0B7 /* AppDelegate.swift in Sources */,
				056EC8D528BCC07300D26B1C /* User.xcdatamodeld in Sources */,
				14E585982760A61600B50757 /* WatchController.swift in Sources */,
				054FB36528B1529700404202 /* Encryption.swift in Sources */,
				14BB9C102738719D006DC0B7 /* SceneDelegate.swift in Sources */,
			);
			runOnlyForDeploymentPostprocessing = 0;
		};
		14BB9C1C2738719F006DC0B7 /* Sources */ = {
			isa = PBXSourcesBuildPhase;
			buildActionMask = 2147483647;
			files = (
				14BB9C252738719F006DC0B7 /* SoundboardTests.swift in Sources */,
			);
			runOnlyForDeploymentPostprocessing = 0;
		};
		14BB9C262738719F006DC0B7 /* Sources */ = {
			isa = PBXSourcesBuildPhase;
			buildActionMask = 2147483647;
			files = (
				14BB9C2F2738719F006DC0B7 /* SoundboardUITests.swift in Sources */,
				14BB9C312738719F006DC0B7 /* SoundboardUITestsLaunchTests.swift in Sources */,
			);
			runOnlyForDeploymentPostprocessing = 0;
		};
/* End PBXSourcesBuildPhase section */

/* Begin PBXTargetDependency section */
		0589897928D9E6ED00C1495C /* PBXTargetDependency */ = {
			isa = PBXTargetDependency;
			target = 0589896C28D9E6EB00C1495C /* SoundboardWidgetExtension */;
			targetProxy = 0589897828D9E6ED00C1495C /* PBXContainerItemProxy */;
		};
		14AA43662798714A0006F810 /* PBXTargetDependency */ = {
			isa = PBXTargetDependency;
			target = 14AA43622798714A0006F810 /* SoundBoardWatch WatchKit App */;
			targetProxy = 14AA43652798714A0006F810 /* PBXContainerItemProxy */;
		};
		14AA43742798714C0006F810 /* PBXTargetDependency */ = {
			isa = PBXTargetDependency;
			target = 14AA43702798714C0006F810 /* SoundBoardWatch WatchKit Extension */;
			targetProxy = 14AA43732798714C0006F810 /* PBXContainerItemProxy */;
		};
		14BB9C222738719F006DC0B7 /* PBXTargetDependency */ = {
			isa = PBXTargetDependency;
			target = 14BB9C092738719D006DC0B7 /* Soundboard */;
			targetProxy = 14BB9C212738719F006DC0B7 /* PBXContainerItemProxy */;
		};
		14BB9C2C2738719F006DC0B7 /* PBXTargetDependency */ = {
			isa = PBXTargetDependency;
			target = 14BB9C092738719D006DC0B7 /* Soundboard */;
			targetProxy = 14BB9C2B2738719F006DC0B7 /* PBXContainerItemProxy */;
		};
/* End PBXTargetDependency section */

/* Begin PBXVariantGroup section */
		14AA43682798714A0006F810 /* Interface.storyboard */ = {
			isa = PBXVariantGroup;
			children = (
				14AA43692798714A0006F810 /* Base */,
			);
			name = Interface.storyboard;
			sourceTree = "<group>";
		};
		14BB9C132738719D006DC0B7 /* Main.storyboard */ = {
			isa = PBXVariantGroup;
			children = (
				14BB9C142738719D006DC0B7 /* Base */,
			);
			name = Main.storyboard;
			sourceTree = "<group>";
		};
		14BB9C182738719E006DC0B7 /* LaunchScreen.storyboard */ = {
			isa = PBXVariantGroup;
			children = (
				14BB9C192738719E006DC0B7 /* Base */,
			);
			name = LaunchScreen.storyboard;
			sourceTree = "<group>";
		};
/* End PBXVariantGroup section */

/* Begin XCBuildConfiguration section */
		0589897B28D9E6ED00C1495C /* Debug */ = {
			isa = XCBuildConfiguration;
			buildSettings = {
				ASSETCATALOG_COMPILER_GLOBAL_ACCENT_COLOR_NAME = AccentColor;
				ASSETCATALOG_COMPILER_WIDGET_BACKGROUND_COLOR_NAME = WidgetBackground;
				CLANG_CXX_LANGUAGE_STANDARD = "gnu++20";
				CODE_SIGN_ENTITLEMENTS = SoundboardWidgetExtension.entitlements;
				CODE_SIGN_IDENTITY = "Apple Development";
				CODE_SIGN_STYLE = Automatic;
				CURRENT_PROJECT_VERSION = 1;
				DEVELOPMENT_TEAM = L2CJ78AL3T;
				GENERATE_INFOPLIST_FILE = YES;
				INFOPLIST_FILE = SoundboardWidget/Info.plist;
				INFOPLIST_KEY_CFBundleDisplayName = SoundboardWidget;
				INFOPLIST_KEY_NSHumanReadableCopyright = "";
				IPHONEOS_DEPLOYMENT_TARGET = 16.0;
				LD_RUNPATH_SEARCH_PATHS = (
					"$(inherited)",
					"@executable_path/Frameworks",
					"@executable_path/../../Frameworks",
				);
				MARKETING_VERSION = 1.0;
				PRODUCT_BUNDLE_IDENTIFIER = com.fku.WatchSoundboard.SoundboardWidget;
				PRODUCT_NAME = "$(TARGET_NAME)";
				SKIP_INSTALL = YES;
				SWIFT_EMIT_LOC_STRINGS = YES;
				SWIFT_VERSION = 5.0;
				TARGETED_DEVICE_FAMILY = "1,2";
			};
			name = Debug;
		};
		0589897C28D9E6ED00C1495C /* Release */ = {
			isa = XCBuildConfiguration;
			buildSettings = {
				ASSETCATALOG_COMPILER_GLOBAL_ACCENT_COLOR_NAME = AccentColor;
				ASSETCATALOG_COMPILER_WIDGET_BACKGROUND_COLOR_NAME = WidgetBackground;
				CLANG_CXX_LANGUAGE_STANDARD = "gnu++20";
				CODE_SIGN_ENTITLEMENTS = SoundboardWidgetExtension.entitlements;
				CODE_SIGN_IDENTITY = "Apple Development";
				CODE_SIGN_STYLE = Automatic;
				CURRENT_PROJECT_VERSION = 1;
				DEVELOPMENT_TEAM = L2CJ78AL3T;
				GENERATE_INFOPLIST_FILE = YES;
				INFOPLIST_FILE = SoundboardWidget/Info.plist;
				INFOPLIST_KEY_CFBundleDisplayName = SoundboardWidget;
				INFOPLIST_KEY_NSHumanReadableCopyright = "";
				IPHONEOS_DEPLOYMENT_TARGET = 16.0;
				LD_RUNPATH_SEARCH_PATHS = (
					"$(inherited)",
					"@executable_path/Frameworks",
					"@executable_path/../../Frameworks",
				);
				MARKETING_VERSION = 1.0;
				PRODUCT_BUNDLE_IDENTIFIER = com.fku.WatchSoundboard.SoundboardWidget;
				PRODUCT_NAME = "$(TARGET_NAME)";
				SKIP_INSTALL = YES;
				SWIFT_EMIT_LOC_STRINGS = YES;
				SWIFT_VERSION = 5.0;
				TARGETED_DEVICE_FAMILY = "1,2";
			};
			name = Release;
		};
		14AA43822798714D0006F810 /* Debug */ = {
			isa = XCBuildConfiguration;
			buildSettings = {
				CODE_SIGN_STYLE = Automatic;
				CURRENT_PROJECT_VERSION = 1;
				DEVELOPMENT_TEAM = L2CJ78AL3T;
				MARKETING_VERSION = 1.0;
				PRODUCT_BUNDLE_IDENTIFIER = com.fku.WatchSoundboardWatch;
				PRODUCT_NAME = WatchSoundboardWatch;
				SWIFT_VERSION = 5.0;
				WATCHOS_DEPLOYMENT_TARGET = 7.1;
			};
			name = Debug;
		};
		14AA43832798714D0006F810 /* Release */ = {
			isa = XCBuildConfiguration;
			buildSettings = {
				CODE_SIGN_STYLE = Automatic;
				CURRENT_PROJECT_VERSION = 1;
				DEVELOPMENT_TEAM = L2CJ78AL3T;
				MARKETING_VERSION = 1.0;
				PRODUCT_BUNDLE_IDENTIFIER = com.fku.WatchSoundboardWatch;
				PRODUCT_NAME = WatchSoundboardWatch;
				SWIFT_VERSION = 5.0;
				WATCHOS_DEPLOYMENT_TARGET = 7.1;
			};
			name = Release;
		};
		14AA43852798714D0006F810 /* Debug */ = {
			isa = XCBuildConfiguration;
			buildSettings = {
				ALWAYS_EMBED_SWIFT_STANDARD_LIBRARIES = YES;
				ASSETCATALOG_COMPILER_APPICON_NAME = AppIcon;
				ASSETCATALOG_COMPILER_GLOBAL_ACCENT_COLOR_NAME = AccentColor;
				CODE_SIGN_STYLE = Automatic;
				CURRENT_PROJECT_VERSION = 1;
				DEVELOPMENT_TEAM = L2CJ78AL3T;
				GENERATE_INFOPLIST_FILE = YES;
				IBSC_MODULE = SoundBoardWatch_WatchKit_Extension;
				INFOPLIST_KEY_UISupportedInterfaceOrientations = "UIInterfaceOrientationPortrait UIInterfaceOrientationPortraitUpsideDown";
				MARKETING_VERSION = 1.0;
				PRODUCT_BUNDLE_IDENTIFIER = com.fku.WatchSoundboardWatch.watchkitapp;
				PRODUCT_NAME = WatchSoundboard;
				SDKROOT = watchos;
				SKIP_INSTALL = YES;
				SWIFT_EMIT_LOC_STRINGS = YES;
				SWIFT_VERSION = 5.0;
				TARGETED_DEVICE_FAMILY = 4;
				WATCHOS_DEPLOYMENT_TARGET = 7.1;
			};
			name = Debug;
		};
		14AA43862798714D0006F810 /* Release */ = {
			isa = XCBuildConfiguration;
			buildSettings = {
				ALWAYS_EMBED_SWIFT_STANDARD_LIBRARIES = YES;
				ASSETCATALOG_COMPILER_APPICON_NAME = AppIcon;
				ASSETCATALOG_COMPILER_GLOBAL_ACCENT_COLOR_NAME = AccentColor;
				CODE_SIGN_STYLE = Automatic;
				CURRENT_PROJECT_VERSION = 1;
				DEVELOPMENT_TEAM = L2CJ78AL3T;
				GENERATE_INFOPLIST_FILE = YES;
				IBSC_MODULE = SoundBoardWatch_WatchKit_Extension;
				INFOPLIST_KEY_UISupportedInterfaceOrientations = "UIInterfaceOrientationPortrait UIInterfaceOrientationPortraitUpsideDown";
				MARKETING_VERSION = 1.0;
				PRODUCT_BUNDLE_IDENTIFIER = com.fku.WatchSoundboardWatch.watchkitapp;
				PRODUCT_NAME = WatchSoundboard;
				SDKROOT = watchos;
				SKIP_INSTALL = YES;
				SWIFT_EMIT_LOC_STRINGS = YES;
				SWIFT_VERSION = 5.0;
				TARGETED_DEVICE_FAMILY = 4;
				WATCHOS_DEPLOYMENT_TARGET = 7.1;
			};
			name = Release;
		};
		14AA43882798714D0006F810 /* Debug */ = {
			isa = XCBuildConfiguration;
			buildSettings = {
				ASSETCATALOG_COMPILER_COMPLICATION_NAME = Complication;
				CODE_SIGN_ENTITLEMENTS = "SoundBoardWatch WatchKit Extension/SoundBoardWatch WatchKit Extension.entitlements";
				CODE_SIGN_STYLE = Automatic;
				CURRENT_PROJECT_VERSION = 1;
				DEVELOPMENT_TEAM = L2CJ78AL3T;
				GENERATE_INFOPLIST_FILE = YES;
				INFOPLIST_FILE = "SoundBoardWatch WatchKit Extension/Info.plist";
				INFOPLIST_KEY_CFBundleDisplayName = "WatchSoundboardWatch WatchKit Extension";
				INFOPLIST_KEY_CLKComplicationPrincipalClass = SoundBoardWatch_WatchKit_Extension.ComplicationController;
				INFOPLIST_KEY_NSHumanReadableCopyright = "";
				INFOPLIST_KEY_WKExtensionDelegateClassName = SoundBoardWatch_WatchKit_Extension.ExtensionDelegate;
				INFOPLIST_KEY_WKWatchOnly = YES;
				LD_RUNPATH_SEARCH_PATHS = (
					"$(inherited)",
					"@executable_path/Frameworks",
					"@executable_path/../../Frameworks",
				);
				MARKETING_VERSION = 1.0;
				PRODUCT_BUNDLE_IDENTIFIER = com.fku.WatchSoundboardWatch.watchkitapp.watchkitextension;
				PRODUCT_NAME = "${TARGET_NAME}";
				SDKROOT = watchos;
				SKIP_INSTALL = YES;
				SWIFT_EMIT_LOC_STRINGS = YES;
				SWIFT_VERSION = 5.0;
				TARGETED_DEVICE_FAMILY = 4;
				WATCHOS_DEPLOYMENT_TARGET = 7.1;
			};
			name = Debug;
		};
		14AA43892798714D0006F810 /* Release */ = {
			isa = XCBuildConfiguration;
			buildSettings = {
				ASSETCATALOG_COMPILER_COMPLICATION_NAME = Complication;
				CODE_SIGN_ENTITLEMENTS = "SoundBoardWatch WatchKit Extension/SoundBoardWatch WatchKit Extension.entitlements";
				CODE_SIGN_STYLE = Automatic;
				CURRENT_PROJECT_VERSION = 1;
				DEVELOPMENT_TEAM = L2CJ78AL3T;
				GENERATE_INFOPLIST_FILE = YES;
				INFOPLIST_FILE = "SoundBoardWatch WatchKit Extension/Info.plist";
				INFOPLIST_KEY_CFBundleDisplayName = "WatchSoundboardWatch WatchKit Extension";
				INFOPLIST_KEY_CLKComplicationPrincipalClass = SoundBoardWatch_WatchKit_Extension.ComplicationController;
				INFOPLIST_KEY_NSHumanReadableCopyright = "";
				INFOPLIST_KEY_WKExtensionDelegateClassName = SoundBoardWatch_WatchKit_Extension.ExtensionDelegate;
				INFOPLIST_KEY_WKWatchOnly = YES;
				LD_RUNPATH_SEARCH_PATHS = (
					"$(inherited)",
					"@executable_path/Frameworks",
					"@executable_path/../../Frameworks",
				);
				MARKETING_VERSION = 1.0;
				PRODUCT_BUNDLE_IDENTIFIER = com.fku.WatchSoundboardWatch.watchkitapp.watchkitextension;
				PRODUCT_NAME = "${TARGET_NAME}";
				SDKROOT = watchos;
				SKIP_INSTALL = YES;
				SWIFT_EMIT_LOC_STRINGS = YES;
				SWIFT_VERSION = 5.0;
				TARGETED_DEVICE_FAMILY = 4;
				WATCHOS_DEPLOYMENT_TARGET = 7.1;
			};
			name = Release;
		};
		14BB9C322738719F006DC0B7 /* Debug */ = {
			isa = XCBuildConfiguration;
			buildSettings = {
				ALWAYS_SEARCH_USER_PATHS = NO;
				CLANG_ANALYZER_NONNULL = YES;
				CLANG_ANALYZER_NUMBER_OBJECT_CONVERSION = YES_AGGRESSIVE;
				CLANG_CXX_LANGUAGE_STANDARD = "gnu++17";
				CLANG_CXX_LIBRARY = "libc++";
				CLANG_ENABLE_MODULES = YES;
				CLANG_ENABLE_OBJC_ARC = YES;
				CLANG_ENABLE_OBJC_WEAK = YES;
				CLANG_WARN_BLOCK_CAPTURE_AUTORELEASING = YES;
				CLANG_WARN_BOOL_CONVERSION = YES;
				CLANG_WARN_COMMA = YES;
				CLANG_WARN_CONSTANT_CONVERSION = YES;
				CLANG_WARN_DEPRECATED_OBJC_IMPLEMENTATIONS = YES;
				CLANG_WARN_DIRECT_OBJC_ISA_USAGE = YES_ERROR;
				CLANG_WARN_DOCUMENTATION_COMMENTS = YES;
				CLANG_WARN_EMPTY_BODY = YES;
				CLANG_WARN_ENUM_CONVERSION = YES;
				CLANG_WARN_INFINITE_RECURSION = YES;
				CLANG_WARN_INT_CONVERSION = YES;
				CLANG_WARN_NON_LITERAL_NULL_CONVERSION = YES;
				CLANG_WARN_OBJC_IMPLICIT_RETAIN_SELF = YES;
				CLANG_WARN_OBJC_LITERAL_CONVERSION = YES;
				CLANG_WARN_OBJC_ROOT_CLASS = YES_ERROR;
				CLANG_WARN_QUOTED_INCLUDE_IN_FRAMEWORK_HEADER = YES;
				CLANG_WARN_RANGE_LOOP_ANALYSIS = YES;
				CLANG_WARN_STRICT_PROTOTYPES = YES;
				CLANG_WARN_SUSPICIOUS_MOVE = YES;
				CLANG_WARN_UNGUARDED_AVAILABILITY = YES_AGGRESSIVE;
				CLANG_WARN_UNREACHABLE_CODE = YES;
				CLANG_WARN__DUPLICATE_METHOD_MATCH = YES;
				COPY_PHASE_STRIP = NO;
				DEBUG_INFORMATION_FORMAT = dwarf;
				ENABLE_STRICT_OBJC_MSGSEND = YES;
				ENABLE_TESTABILITY = YES;
				GCC_C_LANGUAGE_STANDARD = gnu11;
				GCC_DYNAMIC_NO_PIC = NO;
				GCC_NO_COMMON_BLOCKS = YES;
				GCC_OPTIMIZATION_LEVEL = 0;
				GCC_PREPROCESSOR_DEFINITIONS = (
					"DEBUG=1",
					"$(inherited)",
				);
				GCC_WARN_64_TO_32_BIT_CONVERSION = YES;
				GCC_WARN_ABOUT_RETURN_TYPE = YES_ERROR;
				GCC_WARN_UNDECLARED_SELECTOR = YES;
				GCC_WARN_UNINITIALIZED_AUTOS = YES_AGGRESSIVE;
				GCC_WARN_UNUSED_FUNCTION = YES;
				GCC_WARN_UNUSED_VARIABLE = YES;
				IPHONEOS_DEPLOYMENT_TARGET = 14.3;
				MTL_ENABLE_DEBUG_INFO = INCLUDE_SOURCE;
				MTL_FAST_MATH = YES;
				ONLY_ACTIVE_ARCH = YES;
				SDKROOT = iphoneos;
				SWIFT_ACTIVE_COMPILATION_CONDITIONS = DEBUG;
				SWIFT_OPTIMIZATION_LEVEL = "-Onone";
			};
			name = Debug;
		};
		14BB9C332738719F006DC0B7 /* Release */ = {
			isa = XCBuildConfiguration;
			buildSettings = {
				ALWAYS_SEARCH_USER_PATHS = NO;
				CLANG_ANALYZER_NONNULL = YES;
				CLANG_ANALYZER_NUMBER_OBJECT_CONVERSION = YES_AGGRESSIVE;
				CLANG_CXX_LANGUAGE_STANDARD = "gnu++17";
				CLANG_CXX_LIBRARY = "libc++";
				CLANG_ENABLE_MODULES = YES;
				CLANG_ENABLE_OBJC_ARC = YES;
				CLANG_ENABLE_OBJC_WEAK = YES;
				CLANG_WARN_BLOCK_CAPTURE_AUTORELEASING = YES;
				CLANG_WARN_BOOL_CONVERSION = YES;
				CLANG_WARN_COMMA = YES;
				CLANG_WARN_CONSTANT_CONVERSION = YES;
				CLANG_WARN_DEPRECATED_OBJC_IMPLEMENTATIONS = YES;
				CLANG_WARN_DIRECT_OBJC_ISA_USAGE = YES_ERROR;
				CLANG_WARN_DOCUMENTATION_COMMENTS = YES;
				CLANG_WARN_EMPTY_BODY = YES;
				CLANG_WARN_ENUM_CONVERSION = YES;
				CLANG_WARN_INFINITE_RECURSION = YES;
				CLANG_WARN_INT_CONVERSION = YES;
				CLANG_WARN_NON_LITERAL_NULL_CONVERSION = YES;
				CLANG_WARN_OBJC_IMPLICIT_RETAIN_SELF = YES;
				CLANG_WARN_OBJC_LITERAL_CONVERSION = YES;
				CLANG_WARN_OBJC_ROOT_CLASS = YES_ERROR;
				CLANG_WARN_QUOTED_INCLUDE_IN_FRAMEWORK_HEADER = YES;
				CLANG_WARN_RANGE_LOOP_ANALYSIS = YES;
				CLANG_WARN_STRICT_PROTOTYPES = YES;
				CLANG_WARN_SUSPICIOUS_MOVE = YES;
				CLANG_WARN_UNGUARDED_AVAILABILITY = YES_AGGRESSIVE;
				CLANG_WARN_UNREACHABLE_CODE = YES;
				CLANG_WARN__DUPLICATE_METHOD_MATCH = YES;
				COPY_PHASE_STRIP = NO;
				DEBUG_INFORMATION_FORMAT = "dwarf-with-dsym";
				ENABLE_NS_ASSERTIONS = NO;
				ENABLE_STRICT_OBJC_MSGSEND = YES;
				GCC_C_LANGUAGE_STANDARD = gnu11;
				GCC_NO_COMMON_BLOCKS = YES;
				GCC_WARN_64_TO_32_BIT_CONVERSION = YES;
				GCC_WARN_ABOUT_RETURN_TYPE = YES_ERROR;
				GCC_WARN_UNDECLARED_SELECTOR = YES;
				GCC_WARN_UNINITIALIZED_AUTOS = YES_AGGRESSIVE;
				GCC_WARN_UNUSED_FUNCTION = YES;
				GCC_WARN_UNUSED_VARIABLE = YES;
				IPHONEOS_DEPLOYMENT_TARGET = 14.3;
				MTL_ENABLE_DEBUG_INFO = NO;
				MTL_FAST_MATH = YES;
				SDKROOT = iphoneos;
				SWIFT_COMPILATION_MODE = wholemodule;
				SWIFT_OPTIMIZATION_LEVEL = "-O";
				VALIDATE_PRODUCT = YES;
			};
			name = Release;
		};
		14BB9C352738719F006DC0B7 /* Debug */ = {
			isa = XCBuildConfiguration;
			baseConfigurationReference = 880570EE2F8C35F8A277C09A /* Pods-Soundboard.debug.xcconfig */;
			buildSettings = {
				ALWAYS_EMBED_SWIFT_STANDARD_LIBRARIES = YES;
				ASSETCATALOG_COMPILER_APPICON_NAME = AppIcon;
				ASSETCATALOG_COMPILER_GLOBAL_ACCENT_COLOR_NAME = AccentColor;
				CODE_SIGN_ENTITLEMENTS = Soundboard/Soundboard.entitlements;
				CODE_SIGN_IDENTITY = "Apple Development";
				CODE_SIGN_STYLE = Automatic;
				CURRENT_PROJECT_VERSION = 1;
				DEVELOPMENT_TEAM = L2CJ78AL3T;
				GENERATE_INFOPLIST_FILE = YES;
				INFOPLIST_FILE = Soundboard/Info.plist;
				INFOPLIST_KEY_CFBundleDisplayName = WatchSoundboard;
				INFOPLIST_KEY_UIApplicationSupportsIndirectInputEvents = YES;
				INFOPLIST_KEY_UILaunchStoryboardName = LaunchScreen;
				INFOPLIST_KEY_UIMainStoryboardFile = Main;
				INFOPLIST_KEY_UISupportedInterfaceOrientations_iPad = "UIInterfaceOrientationPortrait UIInterfaceOrientationPortraitUpsideDown UIInterfaceOrientationLandscapeLeft UIInterfaceOrientationLandscapeRight";
				INFOPLIST_KEY_UISupportedInterfaceOrientations_iPhone = "UIInterfaceOrientationPortrait UIInterfaceOrientationLandscapeLeft UIInterfaceOrientationLandscapeRight";
				IPHONEOS_DEPLOYMENT_TARGET = 14.3;
				LD_RUNPATH_SEARCH_PATHS = (
					"$(inherited)",
					"@executable_path/Frameworks",
				);
				MARKETING_VERSION = 1.0;
				PRODUCT_BUNDLE_IDENTIFIER = com.fku.WatchSoundboard;
				PRODUCT_NAME = "$(TARGET_NAME)";
				SUPPORTS_MACCATALYST = NO;
				SUPPORTS_MAC_DESIGNED_FOR_IPHONE_IPAD = NO;
				SWIFT_EMIT_LOC_STRINGS = YES;
				SWIFT_VERSION = 5.0;
				TARGETED_DEVICE_FAMILY = 1;
			};
			name = Debug;
		};
		14BB9C362738719F006DC0B7 /* Release */ = {
			isa = XCBuildConfiguration;
			baseConfigurationReference = 91B689451214BB749F746B3A /* Pods-Soundboard.release.xcconfig */;
			buildSettings = {
				ALWAYS_EMBED_SWIFT_STANDARD_LIBRARIES = YES;
				ASSETCATALOG_COMPILER_APPICON_NAME = AppIcon;
				ASSETCATALOG_COMPILER_GLOBAL_ACCENT_COLOR_NAME = AccentColor;
				CODE_SIGN_ENTITLEMENTS = Soundboard/Soundboard.entitlements;
				CODE_SIGN_IDENTITY = "Apple Development";
				CODE_SIGN_STYLE = Automatic;
				CURRENT_PROJECT_VERSION = 1;
				DEVELOPMENT_TEAM = L2CJ78AL3T;
				GENERATE_INFOPLIST_FILE = YES;
				INFOPLIST_FILE = Soundboard/Info.plist;
				INFOPLIST_KEY_CFBundleDisplayName = WatchSoundboard;
				INFOPLIST_KEY_UIApplicationSupportsIndirectInputEvents = YES;
				INFOPLIST_KEY_UILaunchStoryboardName = LaunchScreen;
				INFOPLIST_KEY_UIMainStoryboardFile = Main;
				INFOPLIST_KEY_UISupportedInterfaceOrientations_iPad = "UIInterfaceOrientationPortrait UIInterfaceOrientationPortraitUpsideDown UIInterfaceOrientationLandscapeLeft UIInterfaceOrientationLandscapeRight";
				INFOPLIST_KEY_UISupportedInterfaceOrientations_iPhone = "UIInterfaceOrientationPortrait UIInterfaceOrientationLandscapeLeft UIInterfaceOrientationLandscapeRight";
				IPHONEOS_DEPLOYMENT_TARGET = 14.3;
				LD_RUNPATH_SEARCH_PATHS = (
					"$(inherited)",
					"@executable_path/Frameworks",
				);
				MARKETING_VERSION = 1.0;
				PRODUCT_BUNDLE_IDENTIFIER = com.fku.WatchSoundboard;
				PRODUCT_NAME = "$(TARGET_NAME)";
				SUPPORTS_MACCATALYST = NO;
				SUPPORTS_MAC_DESIGNED_FOR_IPHONE_IPAD = NO;
				SWIFT_EMIT_LOC_STRINGS = YES;
				SWIFT_VERSION = 5.0;
				TARGETED_DEVICE_FAMILY = 1;
			};
			name = Release;
		};
		14BB9C382738719F006DC0B7 /* Debug */ = {
			isa = XCBuildConfiguration;
			baseConfigurationReference = B881066474D3C44FDC3F896E /* Pods-SoundboardTests.debug.xcconfig */;
			buildSettings = {
				ALWAYS_EMBED_SWIFT_STANDARD_LIBRARIES = YES;
				BUNDLE_LOADER = "$(TEST_HOST)";
				CODE_SIGN_STYLE = Automatic;
				CURRENT_PROJECT_VERSION = 1;
				DEVELOPMENT_TEAM = L2CJ78AL3T;
				GENERATE_INFOPLIST_FILE = YES;
				IPHONEOS_DEPLOYMENT_TARGET = 15.0;
				LD_RUNPATH_SEARCH_PATHS = (
					"$(inherited)",
					"@executable_path/Frameworks",
					"@loader_path/Frameworks",
				);
				MARKETING_VERSION = 1.0;
				PRODUCT_BUNDLE_IDENTIFIER = com.faku.soundboard.SoundboardTests;
				PRODUCT_NAME = "$(TARGET_NAME)";
				SWIFT_EMIT_LOC_STRINGS = NO;
				SWIFT_VERSION = 5.0;
				TARGETED_DEVICE_FAMILY = "1,2";
				TEST_HOST = "$(BUILT_PRODUCTS_DIR)/Soundboard.app/Soundboard";
			};
			name = Debug;
		};
		14BB9C392738719F006DC0B7 /* Release */ = {
			isa = XCBuildConfiguration;
			baseConfigurationReference = 37AA169FCA46E411973C6104 /* Pods-SoundboardTests.release.xcconfig */;
			buildSettings = {
				ALWAYS_EMBED_SWIFT_STANDARD_LIBRARIES = YES;
				BUNDLE_LOADER = "$(TEST_HOST)";
				CODE_SIGN_STYLE = Automatic;
				CURRENT_PROJECT_VERSION = 1;
				DEVELOPMENT_TEAM = L2CJ78AL3T;
				GENERATE_INFOPLIST_FILE = YES;
				IPHONEOS_DEPLOYMENT_TARGET = 15.0;
				LD_RUNPATH_SEARCH_PATHS = (
					"$(inherited)",
					"@executable_path/Frameworks",
					"@loader_path/Frameworks",
				);
				MARKETING_VERSION = 1.0;
				PRODUCT_BUNDLE_IDENTIFIER = com.faku.soundboard.SoundboardTests;
				PRODUCT_NAME = "$(TARGET_NAME)";
				SWIFT_EMIT_LOC_STRINGS = NO;
				SWIFT_VERSION = 5.0;
				TARGETED_DEVICE_FAMILY = "1,2";
				TEST_HOST = "$(BUILT_PRODUCTS_DIR)/Soundboard.app/Soundboard";
			};
			name = Release;
		};
		14BB9C3B2738719F006DC0B7 /* Debug */ = {
			isa = XCBuildConfiguration;
			baseConfigurationReference = AD25B0FDC4C8BC067ACBAD04 /* Pods-Soundboard-SoundboardUITests.debug.xcconfig */;
			buildSettings = {
				ALWAYS_EMBED_SWIFT_STANDARD_LIBRARIES = YES;
				CODE_SIGN_STYLE = Automatic;
				CURRENT_PROJECT_VERSION = 1;
				DEVELOPMENT_TEAM = L2CJ78AL3T;
				GENERATE_INFOPLIST_FILE = YES;
				LD_RUNPATH_SEARCH_PATHS = (
					"$(inherited)",
					"@executable_path/Frameworks",
					"@loader_path/Frameworks",
				);
				MARKETING_VERSION = 1.0;
				PRODUCT_BUNDLE_IDENTIFIER = com.faku.soundboard.SoundboardUITests;
				PRODUCT_NAME = "$(TARGET_NAME)";
				SWIFT_EMIT_LOC_STRINGS = NO;
				SWIFT_VERSION = 5.0;
				TARGETED_DEVICE_FAMILY = "1,2";
				TEST_TARGET_NAME = Soundboard;
			};
			name = Debug;
		};
		14BB9C3C2738719F006DC0B7 /* Release */ = {
			isa = XCBuildConfiguration;
			baseConfigurationReference = 352DC3AB90145DEEC0727FD8 /* Pods-Soundboard-SoundboardUITests.release.xcconfig */;
			buildSettings = {
				ALWAYS_EMBED_SWIFT_STANDARD_LIBRARIES = YES;
				CODE_SIGN_STYLE = Automatic;
				CURRENT_PROJECT_VERSION = 1;
				DEVELOPMENT_TEAM = L2CJ78AL3T;
				GENERATE_INFOPLIST_FILE = YES;
				LD_RUNPATH_SEARCH_PATHS = (
					"$(inherited)",
					"@executable_path/Frameworks",
					"@loader_path/Frameworks",
				);
				MARKETING_VERSION = 1.0;
				PRODUCT_BUNDLE_IDENTIFIER = com.faku.soundboard.SoundboardUITests;
				PRODUCT_NAME = "$(TARGET_NAME)";
				SWIFT_EMIT_LOC_STRINGS = NO;
				SWIFT_VERSION = 5.0;
				TARGETED_DEVICE_FAMILY = "1,2";
				TEST_TARGET_NAME = Soundboard;
			};
			name = Release;
		};
/* End XCBuildConfiguration section */

/* Begin XCConfigurationList section */
		0589897D28D9E6ED00C1495C /* Build configuration list for PBXNativeTarget "SoundboardWidgetExtension" */ = {
			isa = XCConfigurationList;
			buildConfigurations = (
				0589897B28D9E6ED00C1495C /* Debug */,
				0589897C28D9E6ED00C1495C /* Release */,
			);
			defaultConfigurationIsVisible = 0;
			defaultConfigurationName = Release;
		};
		14AA438A2798714D0006F810 /* Build configuration list for PBXNativeTarget "SoundBoardWatch WatchKit Extension" */ = {
			isa = XCConfigurationList;
			buildConfigurations = (
				14AA43882798714D0006F810 /* Debug */,
				14AA43892798714D0006F810 /* Release */,
			);
			defaultConfigurationIsVisible = 0;
			defaultConfigurationName = Release;
		};
		14AA438B2798714D0006F810 /* Build configuration list for PBXNativeTarget "SoundBoardWatch WatchKit App" */ = {
			isa = XCConfigurationList;
			buildConfigurations = (
				14AA43852798714D0006F810 /* Debug */,
				14AA43862798714D0006F810 /* Release */,
			);
			defaultConfigurationIsVisible = 0;
			defaultConfigurationName = Release;
		};
		14AA438C2798714D0006F810 /* Build configuration list for PBXNativeTarget "SoundBoardWatch" */ = {
			isa = XCConfigurationList;
			buildConfigurations = (
				14AA43822798714D0006F810 /* Debug */,
				14AA43832798714D0006F810 /* Release */,
			);
			defaultConfigurationIsVisible = 0;
			defaultConfigurationName = Release;
		};
		14BB9C052738719D006DC0B7 /* Build configuration list for PBXProject "Soundboard" */ = {
			isa = XCConfigurationList;
			buildConfigurations = (
				14BB9C322738719F006DC0B7 /* Debug */,
				14BB9C332738719F006DC0B7 /* Release */,
			);
			defaultConfigurationIsVisible = 0;
			defaultConfigurationName = Release;
		};
		14BB9C342738719F006DC0B7 /* Build configuration list for PBXNativeTarget "Soundboard" */ = {
			isa = XCConfigurationList;
			buildConfigurations = (
				14BB9C352738719F006DC0B7 /* Debug */,
				14BB9C362738719F006DC0B7 /* Release */,
			);
			defaultConfigurationIsVisible = 0;
			defaultConfigurationName = Release;
		};
		14BB9C372738719F006DC0B7 /* Build configuration list for PBXNativeTarget "SoundboardTests" */ = {
			isa = XCConfigurationList;
			buildConfigurations = (
				14BB9C382738719F006DC0B7 /* Debug */,
				14BB9C392738719F006DC0B7 /* Release */,
			);
			defaultConfigurationIsVisible = 0;
			defaultConfigurationName = Release;
		};
		14BB9C3A2738719F006DC0B7 /* Build configuration list for PBXNativeTarget "SoundboardUITests" */ = {
			isa = XCConfigurationList;
			buildConfigurations = (
				14BB9C3B2738719F006DC0B7 /* Debug */,
				14BB9C3C2738719F006DC0B7 /* Release */,
			);
			defaultConfigurationIsVisible = 0;
			defaultConfigurationName = Release;
		};
/* End XCConfigurationList section */

/* Begin XCRemoteSwiftPackageReference section */
		054FB34628B0EEAF00404202 /* XCRemoteSwiftPackageReference "RNCryptor" */ = {
			isa = XCRemoteSwiftPackageReference;
			repositoryURL = "https://github.com/RNCryptor/RNCryptor.git";
			requirement = {
				branch = master;
				kind = branch;
			};
		};
		054FB34F28B107F400404202 /* XCRemoteSwiftPackageReference "Alamofire" */ = {
			isa = XCRemoteSwiftPackageReference;
			repositoryURL = "https://github.com/Alamofire/Alamofire.git";
			requirement = {
				branch = master;
				kind = branch;
			};
		};
/* End XCRemoteSwiftPackageReference section */

/* Begin XCSwiftPackageProductDependency section */
		054FB34728B0EEAF00404202 /* RNCryptor */ = {
			isa = XCSwiftPackageProductDependency;
			package = 054FB34628B0EEAF00404202 /* XCRemoteSwiftPackageReference "RNCryptor" */;
			productName = RNCryptor;
		};
		054FB34928B0EED700404202 /* RNCryptor */ = {
			isa = XCSwiftPackageProductDependency;
			package = 054FB34628B0EEAF00404202 /* XCRemoteSwiftPackageReference "RNCryptor" */;
			productName = RNCryptor;
		};
		054FB34B28B0EF1000404202 /* RNCryptor */ = {
			isa = XCSwiftPackageProductDependency;
			package = 054FB34628B0EEAF00404202 /* XCRemoteSwiftPackageReference "RNCryptor" */;
			productName = RNCryptor;
		};
		054FB34D28B0EF1900404202 /* RNCryptor */ = {
			isa = XCSwiftPackageProductDependency;
			package = 054FB34628B0EEAF00404202 /* XCRemoteSwiftPackageReference "RNCryptor" */;
			productName = RNCryptor;
		};
		054FB35A28B13DD500404202 /* Alamofire */ = {
			isa = XCSwiftPackageProductDependency;
			package = 054FB34F28B107F400404202 /* XCRemoteSwiftPackageReference "Alamofire" */;
			productName = Alamofire;
		};
		054FB35C28B13DDB00404202 /* Alamofire */ = {
			isa = XCSwiftPackageProductDependency;
			package = 054FB34F28B107F400404202 /* XCRemoteSwiftPackageReference "Alamofire" */;
			productName = Alamofire;
		};
		054FB35E28B13DE000404202 /* Alamofire */ = {
			isa = XCSwiftPackageProductDependency;
			package = 054FB34F28B107F400404202 /* XCRemoteSwiftPackageReference "Alamofire" */;
			productName = Alamofire;
		};
		054FB36728B16C8F00404202 /* Alamofire */ = {
			isa = XCSwiftPackageProductDependency;
			package = 054FB34F28B107F400404202 /* XCRemoteSwiftPackageReference "Alamofire" */;
			productName = Alamofire;
		};
/* End XCSwiftPackageProductDependency section */

/* Begin XCVersionGroup section */
		056EC8D328BCC07300D26B1C /* User.xcdatamodeld */ = {
			isa = XCVersionGroup;
			children = (
				056EC8D428BCC07300D26B1C /* User.xcdatamodel */,
			);
			currentVersion = 056EC8D428BCC07300D26B1C /* User.xcdatamodel */;
			path = User.xcdatamodeld;
			sourceTree = "<group>";
			versionGroupType = wrapper.xcdatamodel;
		};
/* End XCVersionGroup section */
	};
	rootObject = 14BB9C022738719D006DC0B7 /* Project object */;
}
