// !$*UTF8*$!
{
	archiveVersion = 1;
	classes = {
	};
	objectVersion = 55;
	objects = {

/* Begin PBXBuildFile section */
		05BC48A928A3D9FE00402347 /* AppDelegate.swift in Sources */ = {isa = PBXBuildFile; fileRef = 05BC48A828A3D9FE00402347 /* AppDelegate.swift */; };
		05BC48AB28A3D9FE00402347 /* SceneDelegate.swift in Sources */ = {isa = PBXBuildFile; fileRef = 05BC48AA28A3D9FE00402347 /* SceneDelegate.swift */; };
		05BC48AD28A3D9FE00402347 /* ViewController.swift in Sources */ = {isa = PBXBuildFile; fileRef = 05BC48AC28A3D9FE00402347 /* ViewController.swift */; };
		05BC48B028A3D9FE00402347 /* Main.storyboard in Resources */ = {isa = PBXBuildFile; fileRef = 05BC48AE28A3D9FE00402347 /* Main.storyboard */; };
		05BC48B228A3DA0000402347 /* Assets.xcassets in Resources */ = {isa = PBXBuildFile; fileRef = 05BC48B128A3DA0000402347 /* Assets.xcassets */; };
		05BC48B528A3DA0000402347 /* LaunchScreen.storyboard in Resources */ = {isa = PBXBuildFile; fileRef = 05BC48B328A3DA0000402347 /* LaunchScreen.storyboard */; };
		05BC48C228A3DA3800402347 /* WatchSoundsWatch WatchKit App.app in Embed Watch Content */ = {isa = PBXBuildFile; fileRef = 05BC48C128A3DA3800402347 /* WatchSoundsWatch WatchKit App.app */; settings = {ATTRIBUTES = (RemoveHeadersOnCopy, ); }; };
		05BC48C828A3DA3800402347 /* Interface.storyboard in Resources */ = {isa = PBXBuildFile; fileRef = 05BC48C628A3DA3800402347 /* Interface.storyboard */; };
		05BC48CA28A3DA3A00402347 /* Assets.xcassets in Resources */ = {isa = PBXBuildFile; fileRef = 05BC48C928A3DA3A00402347 /* Assets.xcassets */; };
		05BC48D028A3DA3A00402347 /* WatchSoundsWatch WatchKit Extension.appex in Embed App Extensions */ = {isa = PBXBuildFile; fileRef = 05BC48CF28A3DA3A00402347 /* WatchSoundsWatch WatchKit Extension.appex */; settings = {ATTRIBUTES = (RemoveHeadersOnCopy, ); }; };
		05BC48D528A3DA3A00402347 /* SoundsInterfaceController.swift in Sources */ = {isa = PBXBuildFile; fileRef = 05BC48D428A3DA3A00402347 /* SoundsInterfaceController.swift */; };
		05BC48D728A3DA3A00402347 /* ExtensionDelegate.swift in Sources */ = {isa = PBXBuildFile; fileRef = 05BC48D628A3DA3A00402347 /* ExtensionDelegate.swift */; };
		05BC48D928A3DA3A00402347 /* NotificationController.swift in Sources */ = {isa = PBXBuildFile; fileRef = 05BC48D828A3DA3A00402347 /* NotificationController.swift */; };
		05BC48DD28A3DA3B00402347 /* Assets.xcassets in Resources */ = {isa = PBXBuildFile; fileRef = 05BC48DC28A3DA3B00402347 /* Assets.xcassets */; };
		05BC48EC28A3DB8900402347 /* SoundRow.swift in Sources */ = {isa = PBXBuildFile; fileRef = 05BC48EB28A3DB8900402347 /* SoundRow.swift */; };
		05BC48EE28A3DCD900402347 /* SoundModel.swift in Sources */ = {isa = PBXBuildFile; fileRef = 05BC48ED28A3DCD800402347 /* SoundModel.swift */; };
		05BC48EF28A3DCD900402347 /* SoundModel.swift in Sources */ = {isa = PBXBuildFile; fileRef = 05BC48ED28A3DCD800402347 /* SoundModel.swift */; };
		05BC48F428A3DEEA00402347 /* LaylaKurz.mp3 in Resources */ = {isa = PBXBuildFile; fileRef = 05BC48F328A3DEEA00402347 /* LaylaKurz.mp3 */; };
		05BC48F528A3DEEA00402347 /* LaylaKurz.mp3 in Resources */ = {isa = PBXBuildFile; fileRef = 05BC48F328A3DEEA00402347 /* LaylaKurz.mp3 */; };
		05BC48F728A3DFFC00402347 /* VolumeViewController.swift in Sources */ = {isa = PBXBuildFile; fileRef = 05BC48F628A3DFFC00402347 /* VolumeViewController.swift */; };
		05BC490C28A4287F00402347 /* CloudManager.swift in Sources */ = {isa = PBXBuildFile; fileRef = 05BC490B28A4287F00402347 /* CloudManager.swift */; };
		05BC490D28A4287F00402347 /* CloudManager.swift in Sources */ = {isa = PBXBuildFile; fileRef = 05BC490B28A4287F00402347 /* CloudManager.swift */; };
		05BC491028A4318500402347 /* CloudKit.framework in Frameworks */ = {isa = PBXBuildFile; fileRef = 05BC490F28A4318500402347 /* CloudKit.framework */; };
		05BC491228A438CB00402347 /* CloudKit.framework in Frameworks */ = {isa = PBXBuildFile; fileRef = 05BC491128A438CB00402347 /* CloudKit.framework */; };
		05BC498A28A4EA8400402347 /* commit.jpeg in Resources */ = {isa = PBXBuildFile; fileRef = 05BC498928A4EA8400402347 /* commit.jpeg */; };
/* End PBXBuildFile section */

/* Begin PBXContainerItemProxy section */
		05BC48C328A3DA3800402347 /* PBXContainerItemProxy */ = {
			isa = PBXContainerItemProxy;
			containerPortal = 05BC489D28A3D9FE00402347 /* Project object */;
			proxyType = 1;
			remoteGlobalIDString = 05BC48C028A3DA3800402347;
			remoteInfo = "WatchSoundsWatch WatchKit App";
		};
		05BC48D128A3DA3A00402347 /* PBXContainerItemProxy */ = {
			isa = PBXContainerItemProxy;
			containerPortal = 05BC489D28A3D9FE00402347 /* Project object */;
			proxyType = 1;
			remoteGlobalIDString = 05BC48CE28A3DA3A00402347;
			remoteInfo = "WatchSoundsWatch WatchKit Extension";
		};
/* End PBXContainerItemProxy section */

/* Begin PBXCopyFilesBuildPhase section */
		05BC48E328A3DA3B00402347 /* Embed App Extensions */ = {
			isa = PBXCopyFilesBuildPhase;
			buildActionMask = 2147483647;
			dstPath = "";
			dstSubfolderSpec = 13;
			files = (
				05BC48D028A3DA3A00402347 /* WatchSoundsWatch WatchKit Extension.appex in Embed App Extensions */,
			);
			name = "Embed App Extensions";
			runOnlyForDeploymentPostprocessing = 0;
		};
		05BC48E728A3DA3B00402347 /* Embed Watch Content */ = {
			isa = PBXCopyFilesBuildPhase;
			buildActionMask = 2147483647;
			dstPath = "$(CONTENTS_FOLDER_PATH)/Watch";
			dstSubfolderSpec = 16;
			files = (
				05BC48C228A3DA3800402347 /* WatchSoundsWatch WatchKit App.app in Embed Watch Content */,
			);
			name = "Embed Watch Content";
			runOnlyForDeploymentPostprocessing = 0;
		};
/* End PBXCopyFilesBuildPhase section */

/* Begin PBXFileReference section */
		05BC48A528A3D9FE00402347 /* WatchSounds.app */ = {isa = PBXFileReference; explicitFileType = wrapper.application; includeInIndex = 0; path = WatchSounds.app; sourceTree = BUILT_PRODUCTS_DIR; };
		05BC48A828A3D9FE00402347 /* AppDelegate.swift */ = {isa = PBXFileReference; lastKnownFileType = sourcecode.swift; path = AppDelegate.swift; sourceTree = "<group>"; };
		05BC48AA28A3D9FE00402347 /* SceneDelegate.swift */ = {isa = PBXFileReference; lastKnownFileType = sourcecode.swift; path = SceneDelegate.swift; sourceTree = "<group>"; };
		05BC48AC28A3D9FE00402347 /* ViewController.swift */ = {isa = PBXFileReference; lastKnownFileType = sourcecode.swift; path = ViewController.swift; sourceTree = "<group>"; };
		05BC48AF28A3D9FE00402347 /* Base */ = {isa = PBXFileReference; lastKnownFileType = file.storyboard; name = Base; path = Base.lproj/Main.storyboard; sourceTree = "<group>"; };
		05BC48B128A3DA0000402347 /* Assets.xcassets */ = {isa = PBXFileReference; lastKnownFileType = folder.assetcatalog; path = Assets.xcassets; sourceTree = "<group>"; };
		05BC48B428A3DA0000402347 /* Base */ = {isa = PBXFileReference; lastKnownFileType = file.storyboard; name = Base; path = Base.lproj/LaunchScreen.storyboard; sourceTree = "<group>"; };
		05BC48B628A3DA0000402347 /* Info.plist */ = {isa = PBXFileReference; lastKnownFileType = text.plist.xml; path = Info.plist; sourceTree = "<group>"; };
		05BC48BE28A3DA3800402347 /* WatchSounds.app */ = {isa = PBXFileReference; explicitFileType = wrapper.application; includeInIndex = 0; path = WatchSounds.app; sourceTree = BUILT_PRODUCTS_DIR; };
		05BC48C128A3DA3800402347 /* WatchSoundsWatch WatchKit App.app */ = {isa = PBXFileReference; explicitFileType = wrapper.application; includeInIndex = 0; path = "WatchSoundsWatch WatchKit App.app"; sourceTree = BUILT_PRODUCTS_DIR; };
		05BC48C728A3DA3800402347 /* Base */ = {isa = PBXFileReference; lastKnownFileType = file.storyboard; name = Base; path = Base.lproj/Interface.storyboard; sourceTree = "<group>"; };
		05BC48C928A3DA3A00402347 /* Assets.xcassets */ = {isa = PBXFileReference; lastKnownFileType = folder.assetcatalog; path = Assets.xcassets; sourceTree = "<group>"; };
		05BC48CF28A3DA3A00402347 /* WatchSoundsWatch WatchKit Extension.appex */ = {isa = PBXFileReference; explicitFileType = "wrapper.app-extension"; includeInIndex = 0; path = "WatchSoundsWatch WatchKit Extension.appex"; sourceTree = BUILT_PRODUCTS_DIR; };
		05BC48D428A3DA3A00402347 /* SoundsInterfaceController.swift */ = {isa = PBXFileReference; lastKnownFileType = sourcecode.swift; path = SoundsInterfaceController.swift; sourceTree = "<group>"; };
		05BC48D628A3DA3A00402347 /* ExtensionDelegate.swift */ = {isa = PBXFileReference; lastKnownFileType = sourcecode.swift; path = ExtensionDelegate.swift; sourceTree = "<group>"; };
		05BC48D828A3DA3A00402347 /* NotificationController.swift */ = {isa = PBXFileReference; lastKnownFileType = sourcecode.swift; path = NotificationController.swift; sourceTree = "<group>"; };
		05BC48DC28A3DA3B00402347 /* Assets.xcassets */ = {isa = PBXFileReference; lastKnownFileType = folder.assetcatalog; path = Assets.xcassets; sourceTree = "<group>"; };
		05BC48DE28A3DA3B00402347 /* Info.plist */ = {isa = PBXFileReference; lastKnownFileType = text.plist.xml; path = Info.plist; sourceTree = "<group>"; };
		05BC48DF28A3DA3B00402347 /* PushNotificationPayload.apns */ = {isa = PBXFileReference; lastKnownFileType = text; path = PushNotificationPayload.apns; sourceTree = "<group>"; };
		05BC48EB28A3DB8900402347 /* SoundRow.swift */ = {isa = PBXFileReference; lastKnownFileType = sourcecode.swift; path = SoundRow.swift; sourceTree = "<group>"; };
		05BC48ED28A3DCD800402347 /* SoundModel.swift */ = {isa = PBXFileReference; lastKnownFileType = sourcecode.swift; path = SoundModel.swift; sourceTree = "<group>"; };
		05BC48F328A3DEEA00402347 /* LaylaKurz.mp3 */ = {isa = PBXFileReference; lastKnownFileType = audio.mp3; name = LaylaKurz.mp3; path = ../../LaylaKurz.mp3; sourceTree = "<group>"; };
		05BC48F628A3DFFC00402347 /* VolumeViewController.swift */ = {isa = PBXFileReference; lastKnownFileType = sourcecode.swift; path = VolumeViewController.swift; sourceTree = "<group>"; };
		05BC48FB28A3ED2100402347 /* WatchSounds.entitlements */ = {isa = PBXFileReference; lastKnownFileType = text.plist.entitlements; path = WatchSounds.entitlements; sourceTree = "<group>"; };
		05BC48FC28A3ED3700402347 /* WatchSoundsWatch WatchKit Extension.entitlements */ = {isa = PBXFileReference; lastKnownFileType = text.plist.entitlements; path = "WatchSoundsWatch WatchKit Extension.entitlements"; sourceTree = "<group>"; };
		05BC490B28A4287F00402347 /* CloudManager.swift */ = {isa = PBXFileReference; lastKnownFileType = sourcecode.swift; path = CloudManager.swift; sourceTree = "<group>"; };
		05BC490F28A4318500402347 /* CloudKit.framework */ = {isa = PBXFileReference; lastKnownFileType = wrapper.framework; name = CloudKit.framework; path = System/Library/Frameworks/CloudKit.framework; sourceTree = SDKROOT; };
		05BC491128A438CB00402347 /* CloudKit.framework */ = {isa = PBXFileReference; lastKnownFileType = wrapper.framework; name = CloudKit.framework; path = Platforms/WatchOS.platform/Developer/SDKs/WatchOS8.5.sdk/System/Library/Frameworks/CloudKit.framework; sourceTree = DEVELOPER_DIR; };
		05BC498828A4E07200402347 /* WatchSoundsWatch WatchKit App.entitlements */ = {isa = PBXFileReference; lastKnownFileType = text.plist.entitlements; path = "WatchSoundsWatch WatchKit App.entitlements"; sourceTree = "<group>"; };
		05BC498928A4EA8400402347 /* commit.jpeg */ = {isa = PBXFileReference; lastKnownFileType = image.jpeg; path = commit.jpeg; sourceTree = "<group>"; };
/* End PBXFileReference section */

/* Begin PBXFrameworksBuildPhase section */
		05BC48A228A3D9FE00402347 /* Frameworks */ = {
			isa = PBXFrameworksBuildPhase;
			buildActionMask = 2147483647;
			files = (
				05BC491028A4318500402347 /* CloudKit.framework in Frameworks */,
			);
			runOnlyForDeploymentPostprocessing = 0;
		};
		05BC48CC28A3DA3A00402347 /* Frameworks */ = {
			isa = PBXFrameworksBuildPhase;
			buildActionMask = 2147483647;
			files = (
				05BC491228A438CB00402347 /* CloudKit.framework in Frameworks */,
			);
			runOnlyForDeploymentPostprocessing = 0;
		};
/* End PBXFrameworksBuildPhase section */

/* Begin PBXGroup section */
		05BC489C28A3D9FE00402347 = {
			isa = PBXGroup;
			children = (
				05BC48A728A3D9FE00402347 /* WatchSounds */,
				05BC48C528A3DA3800402347 /* WatchSoundsWatch WatchKit App */,
				05BC48D328A3DA3A00402347 /* WatchSoundsWatch WatchKit Extension */,
				05BC48A628A3D9FE00402347 /* Products */,
				05BC490E28A4318500402347 /* Frameworks */,
			);
			sourceTree = "<group>";
		};
		05BC48A628A3D9FE00402347 /* Products */ = {
			isa = PBXGroup;
			children = (
				05BC48A528A3D9FE00402347 /* WatchSounds.app */,
				05BC48BE28A3DA3800402347 /* WatchSounds.app */,
				05BC48C128A3DA3800402347 /* WatchSoundsWatch WatchKit App.app */,
				05BC48CF28A3DA3A00402347 /* WatchSoundsWatch WatchKit Extension.appex */,
			);
			name = Products;
			sourceTree = "<group>";
		};
		05BC48A728A3D9FE00402347 /* WatchSounds */ = {
			isa = PBXGroup;
			children = (
				05BC48FB28A3ED2100402347 /* WatchSounds.entitlements */,
				05BC48F328A3DEEA00402347 /* LaylaKurz.mp3 */,
				05BC498928A4EA8400402347 /* commit.jpeg */,
				05BC48A828A3D9FE00402347 /* AppDelegate.swift */,
				05BC48AA28A3D9FE00402347 /* SceneDelegate.swift */,
				05BC48AC28A3D9FE00402347 /* ViewController.swift */,
				05BC48AE28A3D9FE00402347 /* Main.storyboard */,
				05BC48B128A3DA0000402347 /* Assets.xcassets */,
				05BC48B328A3DA0000402347 /* LaunchScreen.storyboard */,
				05BC48B628A3DA0000402347 /* Info.plist */,
				05BC48ED28A3DCD800402347 /* SoundModel.swift */,
				05BC490B28A4287F00402347 /* CloudManager.swift */,
			);
			path = WatchSounds;
			sourceTree = "<group>";
		};
		05BC48C528A3DA3800402347 /* WatchSoundsWatch WatchKit App */ = {
			isa = PBXGroup;
			children = (
				05BC498828A4E07200402347 /* WatchSoundsWatch WatchKit App.entitlements */,
				05BC48C628A3DA3800402347 /* Interface.storyboard */,
				05BC48C928A3DA3A00402347 /* Assets.xcassets */,
			);
			path = "WatchSoundsWatch WatchKit App";
			sourceTree = "<group>";
		};
		05BC48D328A3DA3A00402347 /* WatchSoundsWatch WatchKit Extension */ = {
			isa = PBXGroup;
			children = (
				05BC48FC28A3ED3700402347 /* WatchSoundsWatch WatchKit Extension.entitlements */,
				05BC48F228A3DD3C00402347 /* Not needed */,
				05BC48F128A3DD2E00402347 /* Cells */,
				05BC48F028A3DD1F00402347 /* Controller */,
				05BC48DC28A3DA3B00402347 /* Assets.xcassets */,
				05BC48DE28A3DA3B00402347 /* Info.plist */,
				05BC48DF28A3DA3B00402347 /* PushNotificationPayload.apns */,
			);
			path = "WatchSoundsWatch WatchKit Extension";
			sourceTree = "<group>";
		};
		05BC48F028A3DD1F00402347 /* Controller */ = {
			isa = PBXGroup;
			children = (
				05BC48D428A3DA3A00402347 /* SoundsInterfaceController.swift */,
				05BC48F628A3DFFC00402347 /* VolumeViewController.swift */,
			);
			path = Controller;
			sourceTree = "<group>";
		};
		05BC48F128A3DD2E00402347 /* Cells */ = {
			isa = PBXGroup;
			children = (
				05BC48EB28A3DB8900402347 /* SoundRow.swift */,
			);
			path = Cells;
			sourceTree = "<group>";
		};
		05BC48F228A3DD3C00402347 /* Not needed */ = {
			isa = PBXGroup;
			children = (
				05BC48D628A3DA3A00402347 /* ExtensionDelegate.swift */,
				05BC48D828A3DA3A00402347 /* NotificationController.swift */,
			);
			path = "Not needed";
			sourceTree = "<group>";
		};
		05BC490E28A4318500402347 /* Frameworks */ = {
			isa = PBXGroup;
			children = (
				05BC491128A438CB00402347 /* CloudKit.framework */,
				05BC490F28A4318500402347 /* CloudKit.framework */,
			);
			name = Frameworks;
			sourceTree = "<group>";
		};
/* End PBXGroup section */

/* Begin PBXNativeTarget section */
		05BC48A428A3D9FE00402347 /* WatchSounds */ = {
			isa = PBXNativeTarget;
			buildConfigurationList = 05BC48B928A3DA0000402347 /* Build configuration list for PBXNativeTarget "WatchSounds" */;
			buildPhases = (
				05BC48A128A3D9FE00402347 /* Sources */,
				05BC48A228A3D9FE00402347 /* Frameworks */,
				05BC48A328A3D9FE00402347 /* Resources */,
			);
			buildRules = (
			);
			dependencies = (
			);
			name = WatchSounds;
			productName = WatchSounds;
			productReference = 05BC48A528A3D9FE00402347 /* WatchSounds.app */;
			productType = "com.apple.product-type.application";
		};
		05BC48BD28A3DA3800402347 /* WatchSoundsWatch */ = {
			isa = PBXNativeTarget;
			buildConfigurationList = 05BC48E828A3DA3B00402347 /* Build configuration list for PBXNativeTarget "WatchSoundsWatch" */;
			buildPhases = (
				05BC48BC28A3DA3800402347 /* Resources */,
				05BC48E728A3DA3B00402347 /* Embed Watch Content */,
			);
			buildRules = (
			);
			dependencies = (
				05BC48C428A3DA3800402347 /* PBXTargetDependency */,
			);
			name = WatchSoundsWatch;
			productName = WatchSoundsWatch;
			productReference = 05BC48BE28A3DA3800402347 /* WatchSounds.app */;
			productType = "com.apple.product-type.application.watchapp2-container";
		};
		05BC48C028A3DA3800402347 /* WatchSoundsWatch WatchKit App */ = {
			isa = PBXNativeTarget;
			buildConfigurationList = 05BC48E428A3DA3B00402347 /* Build configuration list for PBXNativeTarget "WatchSoundsWatch WatchKit App" */;
			buildPhases = (
				05BC48BF28A3DA3800402347 /* Resources */,
				05BC48E328A3DA3B00402347 /* Embed App Extensions */,
			);
			buildRules = (
			);
			dependencies = (
				05BC48D228A3DA3A00402347 /* PBXTargetDependency */,
			);
			name = "WatchSoundsWatch WatchKit App";
			productName = "WatchSoundsWatch WatchKit App";
			productReference = 05BC48C128A3DA3800402347 /* WatchSoundsWatch WatchKit App.app */;
			productType = "com.apple.product-type.application.watchapp2";
		};
		05BC48CE28A3DA3A00402347 /* WatchSoundsWatch WatchKit Extension */ = {
			isa = PBXNativeTarget;
			buildConfigurationList = 05BC48E028A3DA3B00402347 /* Build configuration list for PBXNativeTarget "WatchSoundsWatch WatchKit Extension" */;
			buildPhases = (
				05BC48CB28A3DA3A00402347 /* Sources */,
				05BC48CC28A3DA3A00402347 /* Frameworks */,
				05BC48CD28A3DA3A00402347 /* Resources */,
			);
			buildRules = (
			);
			dependencies = (
			);
			name = "WatchSoundsWatch WatchKit Extension";
			productName = "WatchSoundsWatch WatchKit Extension";
			productReference = 05BC48CF28A3DA3A00402347 /* WatchSoundsWatch WatchKit Extension.appex */;
			productType = "com.apple.product-type.watchkit2-extension";
		};
/* End PBXNativeTarget section */

/* Begin PBXProject section */
		05BC489D28A3D9FE00402347 /* Project object */ = {
			isa = PBXProject;
			attributes = {
				BuildIndependentTargetsInParallel = 1;
				LastSwiftUpdateCheck = 1340;
				LastUpgradeCheck = 1340;
				TargetAttributes = {
					05BC48A428A3D9FE00402347 = {
						CreatedOnToolsVersion = 13.4.1;
					};
					05BC48BD28A3DA3800402347 = {
						CreatedOnToolsVersion = 13.4.1;
					};
					05BC48C028A3DA3800402347 = {
						CreatedOnToolsVersion = 13.4.1;
					};
					05BC48CE28A3DA3A00402347 = {
						CreatedOnToolsVersion = 13.4.1;
					};
				};
			};
			buildConfigurationList = 05BC48A028A3D9FE00402347 /* Build configuration list for PBXProject "WatchSounds" */;
			compatibilityVersion = "Xcode 13.0";
			developmentRegion = en;
			hasScannedForEncodings = 0;
			knownRegions = (
				en,
				Base,
			);
			mainGroup = 05BC489C28A3D9FE00402347;
			productRefGroup = 05BC48A628A3D9FE00402347 /* Products */;
			projectDirPath = "";
			projectRoot = "";
			targets = (
				05BC48A428A3D9FE00402347 /* WatchSounds */,
				05BC48BD28A3DA3800402347 /* WatchSoundsWatch */,
				05BC48C028A3DA3800402347 /* WatchSoundsWatch WatchKit App */,
				05BC48CE28A3DA3A00402347 /* WatchSoundsWatch WatchKit Extension */,
			);
		};
/* End PBXProject section */

/* Begin PBXResourcesBuildPhase section */
		05BC48A328A3D9FE00402347 /* Resources */ = {
			isa = PBXResourcesBuildPhase;
			buildActionMask = 2147483647;
			files = (
				05BC48B528A3DA0000402347 /* LaunchScreen.storyboard in Resources */,
				05BC48B228A3DA0000402347 /* Assets.xcassets in Resources */,
				05BC498A28A4EA8400402347 /* commit.jpeg in Resources */,
				05BC48F428A3DEEA00402347 /* LaylaKurz.mp3 in Resources */,
				05BC48B028A3D9FE00402347 /* Main.storyboard in Resources */,
			);
			runOnlyForDeploymentPostprocessing = 0;
		};
		05BC48BC28A3DA3800402347 /* Resources */ = {
			isa = PBXResourcesBuildPhase;
			buildActionMask = 2147483647;
			files = (
			);
			runOnlyForDeploymentPostprocessing = 0;
		};
		05BC48BF28A3DA3800402347 /* Resources */ = {
			isa = PBXResourcesBuildPhase;
			buildActionMask = 2147483647;
			files = (
				05BC48CA28A3DA3A00402347 /* Assets.xcassets in Resources */,
				05BC48C828A3DA3800402347 /* Interface.storyboard in Resources */,
			);
			runOnlyForDeploymentPostprocessing = 0;
		};
		05BC48CD28A3DA3A00402347 /* Resources */ = {
			isa = PBXResourcesBuildPhase;
			buildActionMask = 2147483647;
			files = (
				05BC48F528A3DEEA00402347 /* LaylaKurz.mp3 in Resources */,
				05BC48DD28A3DA3B00402347 /* Assets.xcassets in Resources */,
			);
			runOnlyForDeploymentPostprocessing = 0;
		};
/* End PBXResourcesBuildPhase section */

/* Begin PBXSourcesBuildPhase section */
		05BC48A128A3D9FE00402347 /* Sources */ = {
			isa = PBXSourcesBuildPhase;
			buildActionMask = 2147483647;
			files = (
				05BC490C28A4287F00402347 /* CloudManager.swift in Sources */,
				05BC48AD28A3D9FE00402347 /* ViewController.swift in Sources */,
				05BC48EE28A3DCD900402347 /* SoundModel.swift in Sources */,
				05BC48A928A3D9FE00402347 /* AppDelegate.swift in Sources */,
				05BC48AB28A3D9FE00402347 /* SceneDelegate.swift in Sources */,
			);
			runOnlyForDeploymentPostprocessing = 0;
		};
		05BC48CB28A3DA3A00402347 /* Sources */ = {
			isa = PBXSourcesBuildPhase;
			buildActionMask = 2147483647;
			files = (
				05BC490D28A4287F00402347 /* CloudManager.swift in Sources */,
				05BC48F728A3DFFC00402347 /* VolumeViewController.swift in Sources */,
				05BC48D928A3DA3A00402347 /* NotificationController.swift in Sources */,
				05BC48EC28A3DB8900402347 /* SoundRow.swift in Sources */,
				05BC48EF28A3DCD900402347 /* SoundModel.swift in Sources */,
				05BC48D728A3DA3A00402347 /* ExtensionDelegate.swift in Sources */,
				05BC48D528A3DA3A00402347 /* SoundsInterfaceController.swift in Sources */,
			);
			runOnlyForDeploymentPostprocessing = 0;
		};
/* End PBXSourcesBuildPhase section */

/* Begin PBXTargetDependency section */
		05BC48C428A3DA3800402347 /* PBXTargetDependency */ = {
			isa = PBXTargetDependency;
			target = 05BC48C028A3DA3800402347 /* WatchSoundsWatch WatchKit App */;
			targetProxy = 05BC48C328A3DA3800402347 /* PBXContainerItemProxy */;
		};
		05BC48D228A3DA3A00402347 /* PBXTargetDependency */ = {
			isa = PBXTargetDependency;
			target = 05BC48CE28A3DA3A00402347 /* WatchSoundsWatch WatchKit Extension */;
			targetProxy = 05BC48D128A3DA3A00402347 /* PBXContainerItemProxy */;
		};
/* End PBXTargetDependency section */

/* Begin PBXVariantGroup section */
		05BC48AE28A3D9FE00402347 /* Main.storyboard */ = {
			isa = PBXVariantGroup;
			children = (
				05BC48AF28A3D9FE00402347 /* Base */,
			);
			name = Main.storyboard;
			sourceTree = "<group>";
		};
		05BC48B328A3DA0000402347 /* LaunchScreen.storyboard */ = {
			isa = PBXVariantGroup;
			children = (
				05BC48B428A3DA0000402347 /* Base */,
			);
			name = LaunchScreen.storyboard;
			sourceTree = "<group>";
		};
		05BC48C628A3DA3800402347 /* Interface.storyboard */ = {
			isa = PBXVariantGroup;
			children = (
				05BC48C728A3DA3800402347 /* Base */,
			);
			name = Interface.storyboard;
			sourceTree = "<group>";
		};
/* End PBXVariantGroup section */

/* Begin XCBuildConfiguration section */
		05BC48B728A3DA0000402347 /* Debug */ = {
			isa = XCBuildConfiguration;
			buildSettings = {
				ALWAYS_SEARCH_USER_PATHS = NO;
				CLANG_ANALYZER_NONNULL = YES;
				CLANG_ANALYZER_NUMBER_OBJECT_CONVERSION = YES_AGGRESSIVE;
				CLANG_CXX_LANGUAGE_STANDARD = "gnu++17";
				CLANG_ENABLE_MODULES = YES;
				CLANG_ENABLE_OBJC_ARC = YES;
				CLANG_ENABLE_OBJC_WEAK = YES;
				CLANG_WARN_BLOCK_CAPTURE_AUTORELEASING = YES;
				CLANG_WARN_BOOL_CONVERSION = YES;
				CLANG_WARN_COMMA = YES;
				CLANG_WARN_CONSTANT_CONVERSION = YES;
				CLANG_WARN_DEPRECATED_OBJC_IMPLEMENTATIONS = YES;
				CLANG_WARN_DIRECT_OBJC_ISA_USAGE = YES_ERROR;
				CLANG_WARN_DOCUMENTATION_COMMENTS = YES;
				CLANG_WARN_EMPTY_BODY = YES;
				CLANG_WARN_ENUM_CONVERSION = YES;
				CLANG_WARN_INFINITE_RECURSION = YES;
				CLANG_WARN_INT_CONVERSION = YES;
				CLANG_WARN_NON_LITERAL_NULL_CONVERSION = YES;
				CLANG_WARN_OBJC_IMPLICIT_RETAIN_SELF = YES;
				CLANG_WARN_OBJC_LITERAL_CONVERSION = YES;
				CLANG_WARN_OBJC_ROOT_CLASS = YES_ERROR;
				CLANG_WARN_QUOTED_INCLUDE_IN_FRAMEWORK_HEADER = YES;
				CLANG_WARN_RANGE_LOOP_ANALYSIS = YES;
				CLANG_WARN_STRICT_PROTOTYPES = YES;
				CLANG_WARN_SUSPICIOUS_MOVE = YES;
				CLANG_WARN_UNGUARDED_AVAILABILITY = YES_AGGRESSIVE;
				CLANG_WARN_UNREACHABLE_CODE = YES;
				CLANG_WARN__DUPLICATE_METHOD_MATCH = YES;
				COPY_PHASE_STRIP = NO;
				DEBUG_INFORMATION_FORMAT = dwarf;
				ENABLE_STRICT_OBJC_MSGSEND = YES;
				ENABLE_TESTABILITY = YES;
				GCC_C_LANGUAGE_STANDARD = gnu11;
				GCC_DYNAMIC_NO_PIC = NO;
				GCC_NO_COMMON_BLOCKS = YES;
				GCC_OPTIMIZATION_LEVEL = 0;
				GCC_PREPROCESSOR_DEFINITIONS = (
					"DEBUG=1",
					"$(inherited)",
				);
				GCC_WARN_64_TO_32_BIT_CONVERSION = YES;
				GCC_WARN_ABOUT_RETURN_TYPE = YES_ERROR;
				GCC_WARN_UNDECLARED_SELECTOR = YES;
				GCC_WARN_UNINITIALIZED_AUTOS = YES_AGGRESSIVE;
				GCC_WARN_UNUSED_FUNCTION = YES;
				GCC_WARN_UNUSED_VARIABLE = YES;
				IPHONEOS_DEPLOYMENT_TARGET = 15.5;
				MTL_ENABLE_DEBUG_INFO = INCLUDE_SOURCE;
				MTL_FAST_MATH = YES;
				ONLY_ACTIVE_ARCH = YES;
				SDKROOT = iphoneos;
				SWIFT_ACTIVE_COMPILATION_CONDITIONS = DEBUG;
				SWIFT_OPTIMIZATION_LEVEL = "-Onone";
			};
			name = Debug;
		};
		05BC48B828A3DA0000402347 /* Release */ = {
			isa = XCBuildConfiguration;
			buildSettings = {
				ALWAYS_SEARCH_USER_PATHS = NO;
				CLANG_ANALYZER_NONNULL = YES;
				CLANG_ANALYZER_NUMBER_OBJECT_CONVERSION = YES_AGGRESSIVE;
				CLANG_CXX_LANGUAGE_STANDARD = "gnu++17";
				CLANG_ENABLE_MODULES = YES;
				CLANG_ENABLE_OBJC_ARC = YES;
				CLANG_ENABLE_OBJC_WEAK = YES;
				CLANG_WARN_BLOCK_CAPTURE_AUTORELEASING = YES;
				CLANG_WARN_BOOL_CONVERSION = YES;
				CLANG_WARN_COMMA = YES;
				CLANG_WARN_CONSTANT_CONVERSION = YES;
				CLANG_WARN_DEPRECATED_OBJC_IMPLEMENTATIONS = YES;
				CLANG_WARN_DIRECT_OBJC_ISA_USAGE = YES_ERROR;
				CLANG_WARN_DOCUMENTATION_COMMENTS = YES;
				CLANG_WARN_EMPTY_BODY = YES;
				CLANG_WARN_ENUM_CONVERSION = YES;
				CLANG_WARN_INFINITE_RECURSION = YES;
				CLANG_WARN_INT_CONVERSION = YES;
				CLANG_WARN_NON_LITERAL_NULL_CONVERSION = YES;
				CLANG_WARN_OBJC_IMPLICIT_RETAIN_SELF = YES;
				CLANG_WARN_OBJC_LITERAL_CONVERSION = YES;
				CLANG_WARN_OBJC_ROOT_CLASS = YES_ERROR;
				CLANG_WARN_QUOTED_INCLUDE_IN_FRAMEWORK_HEADER = YES;
				CLANG_WARN_RANGE_LOOP_ANALYSIS = YES;
				CLANG_WARN_STRICT_PROTOTYPES = YES;
				CLANG_WARN_SUSPICIOUS_MOVE = YES;
				CLANG_WARN_UNGUARDED_AVAILABILITY = YES_AGGRESSIVE;
				CLANG_WARN_UNREACHABLE_CODE = YES;
				CLANG_WARN__DUPLICATE_METHOD_MATCH = YES;
				COPY_PHASE_STRIP = NO;
				DEBUG_INFORMATION_FORMAT = "dwarf-with-dsym";
				ENABLE_NS_ASSERTIONS = NO;
				ENABLE_STRICT_OBJC_MSGSEND = YES;
				GCC_C_LANGUAGE_STANDARD = gnu11;
				GCC_NO_COMMON_BLOCKS = YES;
				GCC_WARN_64_TO_32_BIT_CONVERSION = YES;
				GCC_WARN_ABOUT_RETURN_TYPE = YES_ERROR;
				GCC_WARN_UNDECLARED_SELECTOR = YES;
				GCC_WARN_UNINITIALIZED_AUTOS = YES_AGGRESSIVE;
				GCC_WARN_UNUSED_FUNCTION = YES;
				GCC_WARN_UNUSED_VARIABLE = YES;
				IPHONEOS_DEPLOYMENT_TARGET = 15.5;
				MTL_ENABLE_DEBUG_INFO = NO;
				MTL_FAST_MATH = YES;
				SDKROOT = iphoneos;
				SWIFT_COMPILATION_MODE = wholemodule;
				SWIFT_OPTIMIZATION_LEVEL = "-O";
				VALIDATE_PRODUCT = YES;
			};
			name = Release;
		};
		05BC48BA28A3DA0000402347 /* Debug */ = {
			isa = XCBuildConfiguration;
			buildSettings = {
				ASSETCATALOG_COMPILER_APPICON_NAME = AppIcon;
				ASSETCATALOG_COMPILER_GLOBAL_ACCENT_COLOR_NAME = AccentColor;
				CODE_SIGN_ENTITLEMENTS = WatchSounds/WatchSounds.entitlements;
				CODE_SIGN_STYLE = Automatic;
				CURRENT_PROJECT_VERSION = 2;
				DEVELOPMENT_TEAM = L2CJ78AL3T;
				GENERATE_INFOPLIST_FILE = YES;
				INFOPLIST_FILE = WatchSounds/Info.plist;
				INFOPLIST_KEY_UIApplicationSupportsIndirectInputEvents = YES;
				INFOPLIST_KEY_UILaunchStoryboardName = LaunchScreen;
				INFOPLIST_KEY_UIMainStoryboardFile = Main;
				INFOPLIST_KEY_UISupportedInterfaceOrientations_iPad = "UIInterfaceOrientationPortrait UIInterfaceOrientationPortraitUpsideDown UIInterfaceOrientationLandscapeLeft UIInterfaceOrientationLandscapeRight";
				INFOPLIST_KEY_UISupportedInterfaceOrientations_iPhone = "UIInterfaceOrientationPortrait UIInterfaceOrientationLandscapeLeft UIInterfaceOrientationLandscapeRight";
				INFOPLIST_KEY_WKCompanionAppBundleIdentifier = com.fku.WatchSoundboard;
				INFOPLIST_KEY_WKRunsIndependentlyOfCompanionApp = YES;
				IPHONEOS_DEPLOYMENT_TARGET = 14.0;
				LD_RUNPATH_SEARCH_PATHS = (
					"$(inherited)",
					"@executable_path/Frameworks",
				);
				MARKETING_VERSION = 1.0;
				PRODUCT_BUNDLE_IDENTIFIER = com.fku.WatchSoundboard;
				PRODUCT_NAME = "$(TARGET_NAME)";
				SWIFT_EMIT_LOC_STRINGS = YES;
				SWIFT_VERSION = 5.0;
				TARGETED_DEVICE_FAMILY = 1;
			};
			name = Debug;
		};
		05BC48BB28A3DA0000402347 /* Release */ = {
			isa = XCBuildConfiguration;
			buildSettings = {
				ASSETCATALOG_COMPILER_APPICON_NAME = AppIcon;
				ASSETCATALOG_COMPILER_GLOBAL_ACCENT_COLOR_NAME = AccentColor;
				CODE_SIGN_ENTITLEMENTS = WatchSounds/WatchSounds.entitlements;
				CODE_SIGN_STYLE = Automatic;
				CURRENT_PROJECT_VERSION = 2;
				DEVELOPMENT_TEAM = L2CJ78AL3T;
				GENERATE_INFOPLIST_FILE = YES;
				INFOPLIST_FILE = WatchSounds/Info.plist;
				INFOPLIST_KEY_UIApplicationSupportsIndirectInputEvents = YES;
				INFOPLIST_KEY_UILaunchStoryboardName = LaunchScreen;
				INFOPLIST_KEY_UIMainStoryboardFile = Main;
				INFOPLIST_KEY_UISupportedInterfaceOrientations_iPad = "UIInterfaceOrientationPortrait UIInterfaceOrientationPortraitUpsideDown UIInterfaceOrientationLandscapeLeft UIInterfaceOrientationLandscapeRight";
				INFOPLIST_KEY_UISupportedInterfaceOrientations_iPhone = "UIInterfaceOrientationPortrait UIInterfaceOrientationLandscapeLeft UIInterfaceOrientationLandscapeRight";
				INFOPLIST_KEY_WKCompanionAppBundleIdentifier = com.fku.WatchSoundboard;
				INFOPLIST_KEY_WKRunsIndependentlyOfCompanionApp = YES;
				IPHONEOS_DEPLOYMENT_TARGET = 14.0;
				LD_RUNPATH_SEARCH_PATHS = (
					"$(inherited)",
					"@executable_path/Frameworks",
				);
				MARKETING_VERSION = 1.0;
				PRODUCT_BUNDLE_IDENTIFIER = com.fku.WatchSoundboard;
				PRODUCT_NAME = "$(TARGET_NAME)";
				SWIFT_EMIT_LOC_STRINGS = YES;
				SWIFT_VERSION = 5.0;
				TARGETED_DEVICE_FAMILY = 1;
			};
			name = Release;
		};
		05BC48E128A3DA3B00402347 /* Debug */ = {
			isa = XCBuildConfiguration;
			buildSettings = {
				ASSETCATALOG_COMPILER_COMPLICATION_NAME = "";
				CODE_SIGN_ENTITLEMENTS = "WatchSoundsWatch WatchKit Extension/WatchSoundsWatch WatchKit Extension.entitlements";
				CODE_SIGN_STYLE = Automatic;
				CURRENT_PROJECT_VERSION = 2;
				DEVELOPMENT_TEAM = L2CJ78AL3T;
				GENERATE_INFOPLIST_FILE = YES;
				INFOPLIST_FILE = "WatchSoundsWatch WatchKit Extension/Info.plist";
				INFOPLIST_KEY_CFBundleDisplayName = "WatchSoundsWatch WatchKit Extension";
				INFOPLIST_KEY_CLKComplicationPrincipalClass = "";
				INFOPLIST_KEY_NSHumanReadableCopyright = "";
				INFOPLIST_KEY_UISupportsDocumentBrowser = YES;
				INFOPLIST_KEY_WKCompanionAppBundleIdentifier = com.fku.WatchSoundboard;
				INFOPLIST_KEY_WKExtensionDelegateClassName = WatchSoundsWatch_WatchKit_Extension.ExtensionDelegate;
				INFOPLIST_KEY_WKRunsIndependentlyOfCompanionApp = YES;
				INFOPLIST_KEY_WKWatchOnly = NO;
				LD_RUNPATH_SEARCH_PATHS = (
					"$(inherited)",
					"@executable_path/Frameworks",
					"@executable_path/../../Frameworks",
				);
				MARKETING_VERSION = 1.0;
				PRODUCT_BUNDLE_IDENTIFIER = com.fku.WatchSoundboard.watchkitapp.watchkitextension;
				PRODUCT_NAME = "${TARGET_NAME}";
				SDKROOT = watchos;
				SKIP_INSTALL = YES;
				SWIFT_EMIT_LOC_STRINGS = YES;
				SWIFT_VERSION = 5.0;
				TARGETED_DEVICE_FAMILY = 4;
				WATCHOS_DEPLOYMENT_TARGET = 8.0;
			};
			name = Debug;
		};
		05BC48E228A3DA3B00402347 /* Release */ = {
			isa = XCBuildConfiguration;
			buildSettings = {
				ASSETCATALOG_COMPILER_COMPLICATION_NAME = "";
				CODE_SIGN_ENTITLEMENTS = "WatchSoundsWatch WatchKit Extension/WatchSoundsWatch WatchKit Extension.entitlements";
				CODE_SIGN_STYLE = Automatic;
				CURRENT_PROJECT_VERSION = 2;
				DEVELOPMENT_TEAM = L2CJ78AL3T;
				GENERATE_INFOPLIST_FILE = YES;
				INFOPLIST_FILE = "WatchSoundsWatch WatchKit Extension/Info.plist";
				INFOPLIST_KEY_CFBundleDisplayName = "WatchSoundsWatch WatchKit Extension";
				INFOPLIST_KEY_CLKComplicationPrincipalClass = "";
				INFOPLIST_KEY_NSHumanReadableCopyright = "";
				INFOPLIST_KEY_UISupportsDocumentBrowser = YES;
				INFOPLIST_KEY_WKCompanionAppBundleIdentifier = com.fku.WatchSoundboard;
				INFOPLIST_KEY_WKExtensionDelegateClassName = WatchSoundsWatch_WatchKit_Extension.ExtensionDelegate;
				INFOPLIST_KEY_WKRunsIndependentlyOfCompanionApp = YES;
				INFOPLIST_KEY_WKWatchOnly = NO;
				LD_RUNPATH_SEARCH_PATHS = (
					"$(inherited)",
					"@executable_path/Frameworks",
					"@executable_path/../../Frameworks",
				);
				MARKETING_VERSION = 1.0;
				PRODUCT_BUNDLE_IDENTIFIER = com.fku.WatchSoundboard.watchkitapp.watchkitextension;
				PRODUCT_NAME = "${TARGET_NAME}";
				SDKROOT = watchos;
				SKIP_INSTALL = YES;
				SWIFT_EMIT_LOC_STRINGS = YES;
				SWIFT_VERSION = 5.0;
				TARGETED_DEVICE_FAMILY = 4;
				WATCHOS_DEPLOYMENT_TARGET = 8.0;
			};
			name = Release;
		};
		05BC48E528A3DA3B00402347 /* Debug */ = {
			isa = XCBuildConfiguration;
			buildSettings = {
				ALWAYS_EMBED_SWIFT_STANDARD_LIBRARIES = YES;
				ASSETCATALOG_COMPILER_APPICON_NAME = AppIcon;
				ASSETCATALOG_COMPILER_GLOBAL_ACCENT_COLOR_NAME = AccentColor;
				CODE_SIGN_ENTITLEMENTS = "WatchSoundsWatch WatchKit App/WatchSoundsWatch WatchKit App.entitlements";
				CODE_SIGN_STYLE = Automatic;
				CURRENT_PROJECT_VERSION = 1;
				DEVELOPMENT_TEAM = L2CJ78AL3T;
				GENERATE_INFOPLIST_FILE = YES;
				IBSC_MODULE = WatchSoundsWatch_WatchKit_Extension;
				INFOPLIST_KEY_CFBundleDisplayName = "WatchSoundsWatch WatchKit App";
				INFOPLIST_KEY_UISupportedInterfaceOrientations = "UIInterfaceOrientationPortrait UIInterfaceOrientationPortraitUpsideDown";
				INFOPLIST_KEY_WKCompanionAppBundleIdentifier = com.fku.WatchSoundboard;
				INFOPLIST_KEY_WKRunsIndependentlyOfCompanionApp = YES;
				MARKETING_VERSION = 1.0;
				PRODUCT_BUNDLE_IDENTIFIER = com.fku.WatchSoundboard.watchkitapp;
				PRODUCT_NAME = "$(TARGET_NAME)";
				SDKROOT = watchos;
				SKIP_INSTALL = YES;
				SWIFT_EMIT_LOC_STRINGS = YES;
				SWIFT_VERSION = 5.0;
				TARGETED_DEVICE_FAMILY = 4;
				WATCHOS_DEPLOYMENT_TARGET = 8.0;
			};
			name = Debug;
		};
		05BC48E628A3DA3B00402347 /* Release */ = {
			isa = XCBuildConfiguration;
			buildSettings = {
				ALWAYS_EMBED_SWIFT_STANDARD_LIBRARIES = YES;
				ASSETCATALOG_COMPILER_APPICON_NAME = AppIcon;
				ASSETCATALOG_COMPILER_GLOBAL_ACCENT_COLOR_NAME = AccentColor;
				CODE_SIGN_ENTITLEMENTS = "WatchSoundsWatch WatchKit App/WatchSoundsWatch WatchKit App.entitlements";
				CODE_SIGN_STYLE = Automatic;
				CURRENT_PROJECT_VERSION = 1;
				DEVELOPMENT_TEAM = L2CJ78AL3T;
				GENERATE_INFOPLIST_FILE = YES;
				IBSC_MODULE = WatchSoundsWatch_WatchKit_Extension;
				INFOPLIST_KEY_CFBundleDisplayName = "WatchSoundsWatch WatchKit App";
				INFOPLIST_KEY_UISupportedInterfaceOrientations = "UIInterfaceOrientationPortrait UIInterfaceOrientationPortraitUpsideDown";
				INFOPLIST_KEY_WKCompanionAppBundleIdentifier = com.fku.WatchSoundboard;
				INFOPLIST_KEY_WKRunsIndependentlyOfCompanionApp = YES;
				MARKETING_VERSION = 1.0;
				PRODUCT_BUNDLE_IDENTIFIER = com.fku.WatchSoundboard.watchkitapp;
				PRODUCT_NAME = "$(TARGET_NAME)";
				SDKROOT = watchos;
				SKIP_INSTALL = YES;
				SWIFT_EMIT_LOC_STRINGS = YES;
				SWIFT_VERSION = 5.0;
				TARGETED_DEVICE_FAMILY = 4;
				WATCHOS_DEPLOYMENT_TARGET = 8.0;
			};
			name = Release;
		};
		05BC48E928A3DA3B00402347 /* Debug */ = {
			isa = XCBuildConfiguration;
			buildSettings = {
				CODE_SIGN_STYLE = Automatic;
				CURRENT_PROJECT_VERSION = 1;
				DEVELOPMENT_TEAM = L2CJ78AL3T;
				INFOPLIST_KEY_WKCompanionAppBundleIdentifier = com.fku.WatchSoundboard;
				INFOPLIST_KEY_WKRunsIndependentlyOfCompanionApp = YES;
				MARKETING_VERSION = 1.0;
				PRODUCT_BUNDLE_IDENTIFIER = com.fku.WatchSoundboard;
				PRODUCT_NAME = WatchSounds;
				SWIFT_VERSION = 5.0;
			};
			name = Debug;
		};
		05BC48EA28A3DA3B00402347 /* Release */ = {
			isa = XCBuildConfiguration;
			buildSettings = {
				CODE_SIGN_STYLE = Automatic;
				CURRENT_PROJECT_VERSION = 1;
				DEVELOPMENT_TEAM = L2CJ78AL3T;
				INFOPLIST_KEY_WKCompanionAppBundleIdentifier = com.fku.WatchSoundboard;
				INFOPLIST_KEY_WKRunsIndependentlyOfCompanionApp = YES;
				MARKETING_VERSION = 1.0;
				PRODUCT_BUNDLE_IDENTIFIER = com.fku.WatchSoundboard;
				PRODUCT_NAME = WatchSounds;
				SWIFT_VERSION = 5.0;
			};
			name = Release;
		};
/* End XCBuildConfiguration section */

/* Begin XCConfigurationList section */
		05BC48A028A3D9FE00402347 /* Build configuration list for PBXProject "WatchSounds" */ = {
			isa = XCConfigurationList;
			buildConfigurations = (
				05BC48B728A3DA0000402347 /* Debug */,
				05BC48B828A3DA0000402347 /* Release */,
			);
			defaultConfigurationIsVisible = 0;
			defaultConfigurationName = Release;
		};
		05BC48B928A3DA0000402347 /* Build configuration list for PBXNativeTarget "WatchSounds" */ = {
			isa = XCConfigurationList;
			buildConfigurations = (
				05BC48BA28A3DA0000402347 /* Debug */,
				05BC48BB28A3DA0000402347 /* Release */,
			);
			defaultConfigurationIsVisible = 0;
			defaultConfigurationName = Release;
		};
		05BC48E028A3DA3B00402347 /* Build configuration list for PBXNativeTarget "WatchSoundsWatch WatchKit Extension" */ = {
			isa = XCConfigurationList;
			buildConfigurations = (
				05BC48E128A3DA3B00402347 /* Debug */,
				05BC48E228A3DA3B00402347 /* Release */,
			);
			defaultConfigurationIsVisible = 0;
			defaultConfigurationName = Release;
		};
		05BC48E428A3DA3B00402347 /* Build configuration list for PBXNativeTarget "WatchSoundsWatch WatchKit App" */ = {
			isa = XCConfigurationList;
			buildConfigurations = (
				05BC48E528A3DA3B00402347 /* Debug */,
				05BC48E628A3DA3B00402347 /* Release */,
			);
			defaultConfigurationIsVisible = 0;
			defaultConfigurationName = Release;
		};
		05BC48E828A3DA3B00402347 /* Build configuration list for PBXNativeTarget "WatchSoundsWatch" */ = {
			isa = XCConfigurationList;
			buildConfigurations = (
				05BC48E928A3DA3B00402347 /* Debug */,
				05BC48EA28A3DA3B00402347 /* Release */,
			);
			defaultConfigurationIsVisible = 0;
			defaultConfigurationName = Release;
		};
/* End XCConfigurationList section */
	};
	rootObject = 05BC489D28A3D9FE00402347 /* Project object */;
}
